// !$*UTF8*$!
{
	archiveVersion = 1;
	classes = {
	};
	objectVersion = 46;
	objects = {

/* Begin PBXBuildFile section */
		1AF0467A1908FCCC0046B3F3 /* Foundation.framework in Frameworks */ = {isa = PBXBuildFile; fileRef = 1AF046791908FCCC0046B3F3 /* Foundation.framework */; };
		1AF0467C1908FCCC0046B3F3 /* CoreGraphics.framework in Frameworks */ = {isa = PBXBuildFile; fileRef = 1AF0467B1908FCCC0046B3F3 /* CoreGraphics.framework */; };
		1AF0467E1908FCCC0046B3F3 /* UIKit.framework in Frameworks */ = {isa = PBXBuildFile; fileRef = 1AF0467D1908FCCC0046B3F3 /* UIKit.framework */; };
		1AF046841908FCCC0046B3F3 /* InfoPlist.strings in Resources */ = {isa = PBXBuildFile; fileRef = 1AF046821908FCCC0046B3F3 /* InfoPlist.strings */; };
		1AF046861908FCCC0046B3F3 /* main.m in Sources */ = {isa = PBXBuildFile; fileRef = 1AF046851908FCCC0046B3F3 /* main.m */; };
		1AF0468A1908FCCC0046B3F3 /* BIDAppDelegate.m in Sources */ = {isa = PBXBuildFile; fileRef = 1AF046891908FCCC0046B3F3 /* BIDAppDelegate.m */; };
		1AF0468C1908FCCC0046B3F3 /* Images.xcassets in Resources */ = {isa = PBXBuildFile; fileRef = 1AF0468B1908FCCC0046B3F3 /* Images.xcassets */; };
		1AF046931908FCCC0046B3F3 /* XCTest.framework in Frameworks */ = {isa = PBXBuildFile; fileRef = 1AF046921908FCCC0046B3F3 /* XCTest.framework */; };
		1AF046941908FCCC0046B3F3 /* Foundation.framework in Frameworks */ = {isa = PBXBuildFile; fileRef = 1AF046791908FCCC0046B3F3 /* Foundation.framework */; };
		1AF046951908FCCC0046B3F3 /* UIKit.framework in Frameworks */ = {isa = PBXBuildFile; fileRef = 1AF0467D1908FCCC0046B3F3 /* UIKit.framework */; };
		1AF0469D1908FCCC0046B3F3 /* InfoPlist.strings in Resources */ = {isa = PBXBuildFile; fileRef = 1AF0469B1908FCCC0046B3F3 /* InfoPlist.strings */; };
		1AF0469F1908FCCC0046B3F3 /* storyTests.m in Sources */ = {isa = PBXBuildFile; fileRef = 1AF0469E1908FCCC0046B3F3 /* storyTests.m */; };
		1AF046AA1908FCE80046B3F3 /* BIDTestViewController.m in Sources */ = {isa = PBXBuildFile; fileRef = 1AF046A91908FCE80046B3F3 /* BIDTestViewController.m */; };
		1AF046AC1908FCFC0046B3F3 /* Main.storyboard in Resources */ = {isa = PBXBuildFile; fileRef = 1AF046AB1908FCFC0046B3F3 /* Main.storyboard */; };
/* End PBXBuildFile section */

/* Begin PBXContainerItemProxy section */
		1AF046961908FCCC0046B3F3 /* PBXContainerItemProxy */ = {
			isa = PBXContainerItemProxy;
			containerPortal = 1AF0466E1908FCCC0046B3F3 /* Project object */;
			proxyType = 1;
			remoteGlobalIDString = 1AF046751908FCCC0046B3F3;
			remoteInfo = story;
		};
/* End PBXContainerItemProxy section */

/* Begin PBXFileReference section */
		1AF046761908FCCC0046B3F3 /* story.app */ = {isa = PBXFileReference; explicitFileType = wrapper.application; includeInIndex = 0; path = story.app; sourceTree = BUILT_PRODUCTS_DIR; };
		1AF046791908FCCC0046B3F3 /* Foundation.framework */ = {isa = PBXFileReference; lastKnownFileType = wrapper.framework; name = Foundation.framework; path = System/Library/Frameworks/Foundation.framework; sourceTree = SDKROOT; };
		1AF0467B1908FCCC0046B3F3 /* CoreGraphics.framework */ = {isa = PBXFileReference; lastKnownFileType = wrapper.framework; name = CoreGraphics.framework; path = System/Library/Frameworks/CoreGraphics.framework; sourceTree = SDKROOT; };
		1AF0467D1908FCCC0046B3F3 /* UIKit.framework */ = {isa = PBXFileReference; lastKnownFileType = wrapper.framework; name = UIKit.framework; path = System/Library/Frameworks/UIKit.framework; sourceTree = SDKROOT; };
		1AF046811908FCCC0046B3F3 /* story-Info.plist */ = {isa = PBXFileReference; lastKnownFileType = text.plist.xml; path = "story-Info.plist"; sourceTree = "<group>"; };
		1AF046831908FCCC0046B3F3 /* en */ = {isa = PBXFileReference; lastKnownFileType = text.plist.strings; name = en; path = en.lproj/InfoPlist.strings; sourceTree = "<group>"; };
		1AF046851908FCCC0046B3F3 /* main.m */ = {isa = PBXFileReference; lastKnownFileType = sourcecode.c.objc; path = main.m; sourceTree = "<group>"; };
		1AF046871908FCCC0046B3F3 /* story-Prefix.pch */ = {isa = PBXFileReference; lastKnownFileType = sourcecode.c.h; path = "story-Prefix.pch"; sourceTree = "<group>"; };
		1AF046881908FCCC0046B3F3 /* BIDAppDelegate.h */ = {isa = PBXFileReference; lastKnownFileType = sourcecode.c.h; path = BIDAppDelegate.h; sourceTree = "<group>"; };
		1AF046891908FCCC0046B3F3 /* BIDAppDelegate.m */ = {isa = PBXFileReference; lastKnownFileType = sourcecode.c.objc; path = BIDAppDelegate.m; sourceTree = "<group>"; };
		1AF0468B1908FCCC0046B3F3 /* Images.xcassets */ = {isa = PBXFileReference; lastKnownFileType = folder.assetcatalog; path = Images.xcassets; sourceTree = "<group>"; };
		1AF046911908FCCC0046B3F3 /* storyTests.xctest */ = {isa = PBXFileReference; explicitFileType = wrapper.cfbundle; includeInIndex = 0; path = storyTests.xctest; sourceTree = BUILT_PRODUCTS_DIR; };
		1AF046921908FCCC0046B3F3 /* XCTest.framework */ = {isa = PBXFileReference; lastKnownFileType = wrapper.framework; name = XCTest.framework; path = Library/Frameworks/XCTest.framework; sourceTree = DEVELOPER_DIR; };
		1AF0469A1908FCCC0046B3F3 /* storyTests-Info.plist */ = {isa = PBXFileReference; lastKnownFileType = text.plist.xml; path = "storyTests-Info.plist"; sourceTree = "<group>"; };
		1AF0469C1908FCCC0046B3F3 /* en */ = {isa = PBXFileReference; lastKnownFileType = text.plist.strings; name = en; path = en.lproj/InfoPlist.strings; sourceTree = "<group>"; };
		1AF0469E1908FCCC0046B3F3 /* storyTests.m */ = {isa = PBXFileReference; lastKnownFileType = sourcecode.c.objc; path = storyTests.m; sourceTree = "<group>"; };
		1AF046A81908FCE80046B3F3 /* BIDTestViewController.h */ = {isa = PBXFileReference; fileEncoding = 4; lastKnownFileType = sourcecode.c.h; path = BIDTestViewController.h; sourceTree = "<group>"; };
		1AF046A91908FCE80046B3F3 /* BIDTestViewController.m */ = {isa = PBXFileReference; fileEncoding = 4; lastKnownFileType = sourcecode.c.objc; path = BIDTestViewController.m; sourceTree = "<group>"; };
		1AF046AB1908FCFC0046B3F3 /* Main.storyboard */ = {isa = PBXFileReference; fileEncoding = 4; lastKnownFileType = file.storyboard; path = Main.storyboard; sourceTree = "<group>"; };
/* End PBXFileReference section */

/* Begin PBXFrameworksBuildPhase section */
		1AF046731908FCCC0046B3F3 /* Frameworks */ = {
			isa = PBXFrameworksBuildPhase;
			buildActionMask = 2147483647;
			files = (
				1AF0467C1908FCCC0046B3F3 /* CoreGraphics.framework in Frameworks */,
				1AF0467E1908FCCC0046B3F3 /* UIKit.framework in Frameworks */,
				1AF0467A1908FCCC0046B3F3 /* Foundation.framework in Frameworks */,
			);
			runOnlyForDeploymentPostprocessing = 0;
		};
		1AF0468E1908FCCC0046B3F3 /* Frameworks */ = {
			isa = PBXFrameworksBuildPhase;
			buildActionMask = 2147483647;
			files = (
				1AF046931908FCCC0046B3F3 /* XCTest.framework in Frameworks */,
				1AF046951908FCCC0046B3F3 /* UIKit.framework in Frameworks */,
				1AF046941908FCCC0046B3F3 /* Foundation.framework in Frameworks */,
			);
			runOnlyForDeploymentPostprocessing = 0;
		};
/* End PBXFrameworksBuildPhase section */

/* Begin PBXGroup section */
		1AF0466D1908FCCC0046B3F3 = {
			isa = PBXGroup;
			children = (
				1AF0467F1908FCCC0046B3F3 /* story */,
				1AF046981908FCCC0046B3F3 /* storyTests */,
				1AF046781908FCCC0046B3F3 /* Frameworks */,
				1AF046771908FCCC0046B3F3 /* Products */,
			);
			sourceTree = "<group>";
		};
		1AF046771908FCCC0046B3F3 /* Products */ = {
			isa = PBXGroup;
			children = (
				1AF046761908FCCC0046B3F3 /* story.app */,
				1AF046911908FCCC0046B3F3 /* storyTests.xctest */,
			);
			name = Products;
			sourceTree = "<group>";
		};
		1AF046781908FCCC0046B3F3 /* Frameworks */ = {
			isa = PBXGroup;
			children = (
				1AF046791908FCCC0046B3F3 /* Foundation.framework */,
				1AF0467B1908FCCC0046B3F3 /* CoreGraphics.framework */,
				1AF0467D1908FCCC0046B3F3 /* UIKit.framework */,
				1AF046921908FCCC0046B3F3 /* XCTest.framework */,
			);
			name = Frameworks;
			sourceTree = "<group>";
		};
		1AF0467F1908FCCC0046B3F3 /* story */ = {
			isa = PBXGroup;
			children = (
				1AF046A81908FCE80046B3F3 /* BIDTestViewController.h */,
				1AF046A91908FCE80046B3F3 /* BIDTestViewController.m */,
				1AF046AB1908FCFC0046B3F3 /* Main.storyboard */,
				1AF046881908FCCC0046B3F3 /* BIDAppDelegate.h */,
				1AF046891908FCCC0046B3F3 /* BIDAppDelegate.m */,
				1AF0468B1908FCCC0046B3F3 /* Images.xcassets */,
				1AF046801908FCCC0046B3F3 /* Supporting Files */,
			);
			path = story;
			sourceTree = "<group>";
		};
		1AF046801908FCCC0046B3F3 /* Supporting Files */ = {
			isa = PBXGroup;
			children = (
				1AF046811908FCCC0046B3F3 /* story-Info.plist */,
				1AF046821908FCCC0046B3F3 /* InfoPlist.strings */,
				1AF046851908FCCC0046B3F3 /* main.m */,
				1AF046871908FCCC0046B3F3 /* story-Prefix.pch */,
			);
			name = "Supporting Files";
			sourceTree = "<group>";
		};
		1AF046981908FCCC0046B3F3 /* storyTests */ = {
			isa = PBXGroup;
			children = (
				1AF0469E1908FCCC0046B3F3 /* storyTests.m */,
				1AF046991908FCCC0046B3F3 /* Supporting Files */,
			);
			path = storyTests;
			sourceTree = "<group>";
		};
		1AF046991908FCCC0046B3F3 /* Supporting Files */ = {
			isa = PBXGroup;
			children = (
				1AF0469A1908FCCC0046B3F3 /* storyTests-Info.plist */,
				1AF0469B1908FCCC0046B3F3 /* InfoPlist.strings */,
			);
			name = "Supporting Files";
			sourceTree = "<group>";
		};
/* End PBXGroup section */

/* Begin PBXNativeTarget section */
		1AF046751908FCCC0046B3F3 /* story */ = {
			isa = PBXNativeTarget;
			buildConfigurationList = 1AF046A21908FCCC0046B3F3 /* Build configuration list for PBXNativeTarget "story" */;
			buildPhases = (
				1AF046721908FCCC0046B3F3 /* Sources */,
				1AF046731908FCCC0046B3F3 /* Frameworks */,
				1AF046741908FCCC0046B3F3 /* Resources */,
			);
			buildRules = (
			);
			dependencies = (
			);
			name = story;
			productName = story;
			productReference = 1AF046761908FCCC0046B3F3 /* story.app */;
			productType = "com.apple.product-type.application";
		};
		1AF046901908FCCC0046B3F3 /* storyTests */ = {
			isa = PBXNativeTarget;
			buildConfigurationList = 1AF046A51908FCCC0046B3F3 /* Build configuration list for PBXNativeTarget "storyTests" */;
			buildPhases = (
				1AF0468D1908FCCC0046B3F3 /* Sources */,
				1AF0468E1908FCCC0046B3F3 /* Frameworks */,
				1AF0468F1908FCCC0046B3F3 /* Resources */,
			);
			buildRules = (
			);
			dependencies = (
				1AF046971908FCCC0046B3F3 /* PBXTargetDependency */,
			);
			name = storyTests;
			productName = storyTests;
			productReference = 1AF046911908FCCC0046B3F3 /* storyTests.xctest */;
			productType = "com.apple.product-type.bundle.unit-test";
		};
/* End PBXNativeTarget section */

/* Begin PBXProject section */
		1AF0466E1908FCCC0046B3F3 /* Project object */ = {
			isa = PBXProject;
			attributes = {
				CLASSPREFIX = BID;
				LastUpgradeCheck = 0510;
				ORGANIZATIONNAME = "Eric Zhao";
				TargetAttributes = {
					1AF046901908FCCC0046B3F3 = {
						TestTargetID = 1AF046751908FCCC0046B3F3;
					};
				};
			};
			buildConfigurationList = 1AF046711908FCCC0046B3F3 /* Build configuration list for PBXProject "story" */;
			compatibilityVersion = "Xcode 3.2";
			developmentRegion = English;
			hasScannedForEncodings = 0;
			knownRegions = (
				en,
			);
			mainGroup = 1AF0466D1908FCCC0046B3F3;
			productRefGroup = 1AF046771908FCCC0046B3F3 /* Products */;
			projectDirPath = "";
			projectRoot = "";
			targets = (
				1AF046751908FCCC0046B3F3 /* story */,
				1AF046901908FCCC0046B3F3 /* storyTests */,
			);
		};
/* End PBXProject section */

/* Begin PBXResourcesBuildPhase section */
		1AF046741908FCCC0046B3F3 /* Resources */ = {
			isa = PBXResourcesBuildPhase;
			buildActionMask = 2147483647;
			files = (
				1AF046AC1908FCFC0046B3F3 /* Main.storyboard in Resources */,
				1AF046841908FCCC0046B3F3 /* InfoPlist.strings in Resources */,
				1AF0468C1908FCCC0046B3F3 /* Images.xcassets in Resources */,
			);
			runOnlyForDeploymentPostprocessing = 0;
		};
		1AF0468F1908FCCC0046B3F3 /* Resources */ = {
			isa = PBXResourcesBuildPhase;
			buildActionMask = 2147483647;
			files = (
				1AF0469D1908FCCC0046B3F3 /* InfoPlist.strings in Resources */,
			);
			runOnlyForDeploymentPostprocessing = 0;
		};
/* End PBXResourcesBuildPhase section */

/* Begin PBXSourcesBuildPhase section */
		1AF046721908FCCC0046B3F3 /* Sources */ = {
			isa = PBXSourcesBuildPhase;
			buildActionMask = 2147483647;
			files = (
				1AF046AA1908FCE80046B3F3 /* BIDTestViewController.m in Sources */,
				1AF0468A1908FCCC0046B3F3 /* BIDAppDelegate.m in Sources */,
				1AF046861908FCCC0046B3F3 /* main.m in Sources */,
			);
			runOnlyForDeploymentPostprocessing = 0;
		};
		1AF0468D1908FCCC0046B3F3 /* Sources */ = {
			isa = PBXSourcesBuildPhase;
			buildActionMask = 2147483647;
			files = (
				1AF0469F1908FCCC0046B3F3 /* storyTests.m in Sources */,
			);
			runOnlyForDeploymentPostprocessing = 0;
		};
/* End PBXSourcesBuildPhase section */

/* Begin PBXTargetDependency section */
		1AF046971908FCCC0046B3F3 /* PBXTargetDependency */ = {
			isa = PBXTargetDependency;
			target = 1AF046751908FCCC0046B3F3 /* story */;
			targetProxy = 1AF046961908FCCC0046B3F3 /* PBXContainerItemProxy */;
		};
/* End PBXTargetDependency section */

/* Begin PBXVariantGroup section */
		1AF046821908FCCC0046B3F3 /* InfoPlist.strings */ = {
			isa = PBXVariantGroup;
			children = (
				1AF046831908FCCC0046B3F3 /* en */,
			);
			name = InfoPlist.strings;
			sourceTree = "<group>";
		};
		1AF0469B1908FCCC0046B3F3 /* InfoPlist.strings */ = {
			isa = PBXVariantGroup;
			children = (
				1AF0469C1908FCCC0046B3F3 /* en */,
			);
			name = InfoPlist.strings;
			sourceTree = "<group>";
		};
/* End PBXVariantGroup section */

/* Begin XCBuildConfiguration section */
		1AF046A01908FCCC0046B3F3 /* Debug */ = {
			isa = XCBuildConfiguration;
			buildSettings = {
				ALWAYS_SEARCH_USER_PATHS = NO;
				CLANG_CXX_LANGUAGE_STANDARD = "gnu++0x";
				CLANG_CXX_LIBRARY = "libc++";
				CLANG_ENABLE_MODULES = YES;
				CLANG_ENABLE_OBJC_ARC = YES;
				CLANG_WARN_BOOL_CONVERSION = YES;
				CLANG_WARN_CONSTANT_CONVERSION = YES;
				CLANG_WARN_DIRECT_OBJC_ISA_USAGE = YES_ERROR;
				CLANG_WARN_EMPTY_BODY = YES;
				CLANG_WARN_ENUM_CONVERSION = YES;
				CLANG_WARN_INT_CONVERSION = YES;
				CLANG_WARN_OBJC_ROOT_CLASS = YES_ERROR;
				CLANG_WARN__DUPLICATE_METHOD_MATCH = YES;
				"CODE_SIGN_IDENTITY[sdk=iphoneos*]" = "iPhone Developer";
				COPY_PHASE_STRIP = NO;
				GCC_C_LANGUAGE_STANDARD = gnu99;
				GCC_DYNAMIC_NO_PIC = NO;
				GCC_OPTIMIZATION_LEVEL = 0;
				GCC_PREPROCESSOR_DEFINITIONS = (
					"DEBUG=1",
					"$(inherited)",
				);
				GCC_SYMBOLS_PRIVATE_EXTERN = NO;
				GCC_WARN_64_TO_32_BIT_CONVERSION = YES;
				GCC_WARN_ABOUT_RETURN_TYPE = YES_ERROR;
				GCC_WARN_UNDECLARED_SELECTOR = YES;
				GCC_WARN_UNINITIALIZED_AUTOS = YES_AGGRESSIVE;
				GCC_WARN_UNUSED_FUNCTION = YES;
				GCC_WARN_UNUSED_VARIABLE = YES;
				IPHONEOS_DEPLOYMENT_TARGET = 7.1;
				ONLY_ACTIVE_ARCH = YES;
				SDKROOT = iphoneos;
			};
			name = Debug;
		};
		1AF046A11908FCCC0046B3F3 /* Release */ = {
			isa = XCBuildConfiguration;
			buildSettings = {
				ALWAYS_SEARCH_USER_PATHS = NO;
				CLANG_CXX_LANGUAGE_STANDARD = "gnu++0x";
				CLANG_CXX_LIBRARY = "libc++";
				CLANG_ENABLE_MODULES = YES;
				CLANG_ENABLE_OBJC_ARC = YES;
				CLANG_WARN_BOOL_CONVERSION = YES;
				CLANG_WARN_CONSTANT_CONVERSION = YES;
				CLANG_WARN_DIRECT_OBJC_ISA_USAGE = YES_ERROR;
				CLANG_WARN_EMPTY_BODY = YES;
				CLANG_WARN_ENUM_CONVERSION = YES;
				CLANG_WARN_INT_CONVERSION = YES;
				CLANG_WARN_OBJC_ROOT_CLASS = YES_ERROR;
				CLANG_WARN__DUPLICATE_METHOD_MATCH = YES;
				"CODE_SIGN_IDENTITY[sdk=iphoneos*]" = "iPhone Developer";
				COPY_PHASE_STRIP = YES;
				ENABLE_NS_ASSERTIONS = NO;
				GCC_C_LANGUAGE_STANDARD = gnu99;
				GCC_WARN_64_TO_32_BIT_CONVERSION = YES;
				GCC_WARN_ABOUT_RETURN_TYPE = YES_ERROR;
				GCC_WARN_UNDECLARED_SELECTOR = YES;
				GCC_WARN_UNINITIALIZED_AUTOS = YES_AGGRESSIVE;
				GCC_WARN_UNUSED_FUNCTION = YES;
				GCC_WARN_UNUSED_VARIABLE = YES;
				IPHONEOS_DEPLOYMENT_TARGET = 7.1;
				SDKROOT = iphoneos;
				VALIDATE_PRODUCT = YES;
			};
			name = Release;
		};
		1AF046A31908FCCC0046B3F3 /* Debug */ = {
			isa = XCBuildConfiguration;
			buildSettings = {
				ASSETCATALOG_COMPILER_APPICON_NAME = AppIcon;
				ASSETCATALOG_COMPILER_LAUNCHIMAGE_NAME = LaunchImage;
				GCC_PRECOMPILE_PREFIX_HEADER = YES;
				GCC_PREFIX_HEADER = "story/story-Prefix.pch";
				INFOPLIST_FILE = "story/story-Info.plist";
				PRODUCT_NAME = "$(TARGET_NAME)";
				WRAPPER_EXTENSION = app;
			};
			name = Debug;
		};
		1AF046A41908FCCC0046B3F3 /* Release */ = {
			isa = XCBuildConfiguration;
			buildSettings = {
				ASSETCATALOG_COMPILER_APPICON_NAME = AppIcon;
				ASSETCATALOG_COMPILER_LAUNCHIMAGE_NAME = LaunchImage;
				GCC_PRECOMPILE_PREFIX_HEADER = YES;
				GCC_PREFIX_HEADER = "story/story-Prefix.pch";
				INFOPLIST_FILE = "story/story-Info.plist";
				PRODUCT_NAME = "$(TARGET_NAME)";
				WRAPPER_EXTENSION = app;
			};
			name = Release;
		};
		1AF046A61908FCCC0046B3F3 /* Debug */ = {
			isa = XCBuildConfiguration;
			buildSettings = {
				BUNDLE_LOADER = "$(BUILT_PRODUCTS_DIR)/story.app/story";
				FRAMEWORK_SEARCH_PATHS = (
					"$(SDKROOT)/Developer/Library/Frameworks",
					"$(inherited)",
					"$(DEVELOPER_FRAMEWORKS_DIR)",
				);
				GCC_PRECOMPILE_PREFIX_HEADER = YES;
				GCC_PREFIX_HEADER = "story/story-Prefix.pch";
				GCC_PREPROCESSOR_DEFINITIONS = (
					"DEBUG=1",
					"$(inherited)",
				);
				INFOPLIST_FILE = "storyTests/storyTests-Info.plist";
				PRODUCT_NAME = "$(TARGET_NAME)";
				TEST_HOST = "$(BUNDLE_LOADER)";
				WRAPPER_EXTENSION = xctest;
			};
			name = Debug;
		};
		1AF046A71908FCCC0046B3F3 /* Release */ = {
			isa = XCBuildConfiguration;
			buildSettings = {
				BUNDLE_LOADER = "$(BUILT_PRODUCTS_DIR)/story.app/story";
				FRAMEWORK_SEARCH_PATHS = (
					"$(SDKROOT)/Developer/Library/Frameworks",
					"$(inherited)",
					"$(DEVELOPER_FRAMEWORKS_DIR)",
				);
				GCC_PRECOMPILE_PREFIX_HEADER = YES;
				GCC_PREFIX_HEADER = "story/story-Prefix.pch";
				INFOPLIST_FILE = "storyTests/storyTests-Info.plist";
				PRODUCT_NAME = "$(TARGET_NAME)";
				TEST_HOST = "$(BUNDLE_LOADER)";
				WRAPPER_EXTENSION = xctest;
			};
			name = Release;
		};
/* End XCBuildConfiguration section */

/* Begin XCConfigurationList section */
		1AF046711908FCCC0046B3F3 /* Build configuration list for PBXProject "story" */ = {
			isa = XCConfigurationList;
			buildConfigurations = (
				1AF046A01908FCCC0046B3F3 /* Debug */,
				1AF046A11908FCCC0046B3F3 /* Release */,
			);
			defaultConfigurationIsVisible = 0;
			defaultConfigurationName = Release;
		};
		1AF046A21908FCCC0046B3F3 /* Build configuration list for PBXNativeTarget "story" */ = {
			isa = XCConfigurationList;
			buildConfigurations = (
				1AF046A31908FCCC0046B3F3 /* Debug */,
				1AF046A41908FCCC0046B3F3 /* Release */,
			);
			defaultConfigurationIsVisible = 0;
		};
		1AF046A51908FCCC0046B3F3 /* Build configuration list for PBXNativeTarget "storyTests" */ = {
			isa = XCConfigurationList;
			buildConfigurations = (
				1AF046A61908FCCC0046B3F3 /* Debug */,
				1AF046A71908FCCC0046B3F3 /* Release */,
			);
			defaultConfigurationIsVisible = 0;
		};
/* End XCConfigurationList section */
	};
	rootObject = 1AF0466E1908FCCC0046B3F3 /* Project object */;
}
