<?xml version="1.0" encoding="UTF-8"?>
<Scheme
   version = "1.3">
   <BuildAction>
      <BuildActionEntries>
         <BuildActionEntry
            buildForRunning = "YES">
            <BuildableReference
               BuildableIdentifier = "primary"
               BlueprintIdentifier = "64F688C2DE7BD978E044E850"
               BuildableName = "ScaryBugs.app"
               BlueprintName = "ScaryBugs"
               ReferencedContainer = "container:ScaryBugs.xcodeproj">
            </BuildableReference>
         </BuildActionEntry>
      </BuildActionEntries>
   </BuildAction>
   <LaunchAction
      useCustomWorkingDirectory = "NO"
      buildConfiguration = "Debug">
      <BuildableProductRunnable>
         <BuildableReference
            BuildableIdentifier = "primary"
            BlueprintIdentifier = "64F688C2DE7BD978E044E850"
            BuildableName = "ScaryBugs.app"
            BlueprintName = "ScaryBugs"
            ReferencedContainer = "container:ScaryBugs.xcodeproj">
         </BuildableReference>
      </BuildableProductRunnable>
   </LaunchAction>
</Scheme>
