// !$*UTF8*$!
{
	archiveVersion = 1;
	classes = {
	};
	objectVersion = 46;
	objects = {

/* Begin PBXBuildFile section */
		1A3FB11B190E3C8700508E15 /* Device.m in Sources */ = {isa = PBXBuildFile; fileRef = 1A3FB11A190E3C8700508E15 /* Device.m */; };
		1A3FB1AE190E431200508E15 /* KWTTDNavViewController.m in Sources */ = {isa = PBXBuildFile; fileRef = 1A3FB1AD190E431200508E15 /* KWTTDNavViewController.m */; };
		1A3FB1B7190E4EE000508E15 /* KWTTDAddViewController.m in Sources */ = {isa = PBXBuildFile; fileRef = 1A3FB1B6190E4EE000508E15 /* KWTTDAddViewController.m */; };
		1AFC5333190E2692009D3815 /* Foundation.framework in Frameworks */ = {isa = PBXBuildFile; fileRef = 1AFC5332190E2692009D3815 /* Foundation.framework */; };
		1AFC5335190E2692009D3815 /* CoreGraphics.framework in Frameworks */ = {isa = PBXBuildFile; fileRef = 1AFC5334190E2692009D3815 /* CoreGraphics.framework */; };
		1AFC5337190E2692009D3815 /* UIKit.framework in Frameworks */ = {isa = PBXBuildFile; fileRef = 1AFC5336190E2692009D3815 /* UIKit.framework */; };
		1AFC533D190E2692009D3815 /* InfoPlist.strings in Resources */ = {isa = PBXBuildFile; fileRef = 1AFC533B190E2692009D3815 /* InfoPlist.strings */; };
		1AFC533F190E2692009D3815 /* main.m in Sources */ = {isa = PBXBuildFile; fileRef = 1AFC533E190E2692009D3815 /* main.m */; };
		1AFC5343190E2692009D3815 /* KWTTDAppDelegate.m in Sources */ = {isa = PBXBuildFile; fileRef = 1AFC5342190E2692009D3815 /* KWTTDAppDelegate.m */; };
		1AFC5345190E2692009D3815 /* Images.xcassets in Resources */ = {isa = PBXBuildFile; fileRef = 1AFC5344190E2692009D3815 /* Images.xcassets */; };
		1AFC534C190E2692009D3815 /* XCTest.framework in Frameworks */ = {isa = PBXBuildFile; fileRef = 1AFC534B190E2692009D3815 /* XCTest.framework */; };
		1AFC534D190E2692009D3815 /* Foundation.framework in Frameworks */ = {isa = PBXBuildFile; fileRef = 1AFC5332190E2692009D3815 /* Foundation.framework */; };
		1AFC534E190E2692009D3815 /* UIKit.framework in Frameworks */ = {isa = PBXBuildFile; fileRef = 1AFC5336190E2692009D3815 /* UIKit.framework */; };
		1AFC5356190E2692009D3815 /* InfoPlist.strings in Resources */ = {isa = PBXBuildFile; fileRef = 1AFC5354190E2692009D3815 /* InfoPlist.strings */; };
		1AFC5358190E2692009D3815 /* SmartHomeTests.m in Sources */ = {isa = PBXBuildFile; fileRef = 1AFC5357190E2692009D3815 /* SmartHomeTests.m */; };
		1AFC5363190E26C0009D3815 /* KWTTDListViewController.m in Sources */ = {isa = PBXBuildFile; fileRef = 1AFC5362190E26C0009D3815 /* KWTTDListViewController.m */; };
		1AFC5365190E272A009D3815 /* Main.storyboard in Resources */ = {isa = PBXBuildFile; fileRef = 1AFC5364190E272A009D3815 /* Main.storyboard */; };
		1AFC536E190E3820009D3815 /* Device.xcdatamodeld in Sources */ = {isa = PBXBuildFile; fileRef = 1AFC536C190E3820009D3815 /* Device.xcdatamodeld */; };
		1AFC5370190E392D009D3815 /* CoreData.framework in Frameworks */ = {isa = PBXBuildFile; fileRef = 1AFC536F190E392D009D3815 /* CoreData.framework */; };
/* End PBXBuildFile section */

/* Begin PBXContainerItemProxy section */
		1AFC534F190E2692009D3815 /* PBXContainerItemProxy */ = {
			isa = PBXContainerItemProxy;
			containerPortal = 1AFC5327190E2692009D3815 /* Project object */;
			proxyType = 1;
			remoteGlobalIDString = 1AFC532E190E2692009D3815;
			remoteInfo = SmartHome;
		};
/* End PBXContainerItemProxy section */

/* Begin PBXFileReference section */
		1A3FB119190E3C8700508E15 /* Device.h */ = {isa = PBXFileReference; fileEncoding = 4; lastKnownFileType = sourcecode.c.h; path = Device.h; sourceTree = "<group>"; };
		1A3FB11A190E3C8700508E15 /* Device.m */ = {isa = PBXFileReference; fileEncoding = 4; lastKnownFileType = sourcecode.c.objc; path = Device.m; sourceTree = "<group>"; };
		1A3FB1AC190E431200508E15 /* KWTTDNavViewController.h */ = {isa = PBXFileReference; fileEncoding = 4; lastKnownFileType = sourcecode.c.h; path = KWTTDNavViewController.h; sourceTree = "<group>"; };
		1A3FB1AD190E431200508E15 /* KWTTDNavViewController.m */ = {isa = PBXFileReference; fileEncoding = 4; lastKnownFileType = sourcecode.c.objc; path = KWTTDNavViewController.m; sourceTree = "<group>"; };
		1A3FB1B5190E4EE000508E15 /* KWTTDAddViewController.h */ = {isa = PBXFileReference; fileEncoding = 4; lastKnownFileType = sourcecode.c.h; path = KWTTDAddViewController.h; sourceTree = "<group>"; };
		1A3FB1B6190E4EE000508E15 /* KWTTDAddViewController.m */ = {isa = PBXFileReference; fileEncoding = 4; lastKnownFileType = sourcecode.c.objc; path = KWTTDAddViewController.m; sourceTree = "<group>"; };
		1AFC532F190E2692009D3815 /* SmartHome.app */ = {isa = PBXFileReference; explicitFileType = wrapper.application; includeInIndex = 0; path = SmartHome.app; sourceTree = BUILT_PRODUCTS_DIR; };
		1AFC5332190E2692009D3815 /* Foundation.framework */ = {isa = PBXFileReference; lastKnownFileType = wrapper.framework; name = Foundation.framework; path = System/Library/Frameworks/Foundation.framework; sourceTree = SDKROOT; };
		1AFC5334190E2692009D3815 /* CoreGraphics.framework */ = {isa = PBXFileReference; lastKnownFileType = wrapper.framework; name = CoreGraphics.framework; path = System/Library/Frameworks/CoreGraphics.framework; sourceTree = SDKROOT; };
		1AFC5336190E2692009D3815 /* UIKit.framework */ = {isa = PBXFileReference; lastKnownFileType = wrapper.framework; name = UIKit.framework; path = System/Library/Frameworks/UIKit.framework; sourceTree = SDKROOT; };
		1AFC533A190E2692009D3815 /* SmartHome-Info.plist */ = {isa = PBXFileReference; lastKnownFileType = text.plist.xml; path = "SmartHome-Info.plist"; sourceTree = "<group>"; };
		1AFC533C190E2692009D3815 /* en */ = {isa = PBXFileReference; lastKnownFileType = text.plist.strings; name = en; path = en.lproj/InfoPlist.strings; sourceTree = "<group>"; };
		1AFC533E190E2692009D3815 /* main.m */ = {isa = PBXFileReference; lastKnownFileType = sourcecode.c.objc; path = main.m; sourceTree = "<group>"; };
		1AFC5340190E2692009D3815 /* SmartHome-Prefix.pch */ = {isa = PBXFileReference; lastKnownFileType = sourcecode.c.h; path = "SmartHome-Prefix.pch"; sourceTree = "<group>"; };
		1AFC5341190E2692009D3815 /* KWTTDAppDelegate.h */ = {isa = PBXFileReference; lastKnownFileType = sourcecode.c.h; path = KWTTDAppDelegate.h; sourceTree = "<group>"; };
		1AFC5342190E2692009D3815 /* KWTTDAppDelegate.m */ = {isa = PBXFileReference; lastKnownFileType = sourcecode.c.objc; path = KWTTDAppDelegate.m; sourceTree = "<group>"; };
		1AFC5344190E2692009D3815 /* Images.xcassets */ = {isa = PBXFileReference; lastKnownFileType = folder.assetcatalog; path = Images.xcassets; sourceTree = "<group>"; };
		1AFC534A190E2692009D3815 /* SmartHomeTests.xctest */ = {isa = PBXFileReference; explicitFileType = wrapper.cfbundle; includeInIndex = 0; path = SmartHomeTests.xctest; sourceTree = BUILT_PRODUCTS_DIR; };
		1AFC534B190E2692009D3815 /* XCTest.framework */ = {isa = PBXFileReference; lastKnownFileType = wrapper.framework; name = XCTest.framework; path = Library/Frameworks/XCTest.framework; sourceTree = DEVELOPER_DIR; };
		1AFC5353190E2692009D3815 /* SmartHomeTests-Info.plist */ = {isa = PBXFileReference; lastKnownFileType = text.plist.xml; path = "SmartHomeTests-Info.plist"; sourceTree = "<group>"; };
		1AFC5355190E2692009D3815 /* en */ = {isa = PBXFileReference; lastKnownFileType = text.plist.strings; name = en; path = en.lproj/InfoPlist.strings; sourceTree = "<group>"; };
		1AFC5357190E2692009D3815 /* SmartHomeTests.m */ = {isa = PBXFileReference; lastKnownFileType = sourcecode.c.objc; path = SmartHomeTests.m; sourceTree = "<group>"; };
		1AFC5361190E26C0009D3815 /* KWTTDListViewController.h */ = {isa = PBXFileReference; fileEncoding = 4; lastKnownFileType = sourcecode.c.h; path = KWTTDListViewController.h; sourceTree = "<group>"; };
		1AFC5362190E26C0009D3815 /* KWTTDListViewController.m */ = {isa = PBXFileReference; fileEncoding = 4; lastKnownFileType = sourcecode.c.objc; path = KWTTDListViewController.m; sourceTree = "<group>"; };
		1AFC5364190E272A009D3815 /* Main.storyboard */ = {isa = PBXFileReference; fileEncoding = 4; lastKnownFileType = file.storyboard; path = Main.storyboard; sourceTree = "<group>"; };
		1AFC536D190E3820009D3815 /* Device.xcdatamodel */ = {isa = PBXFileReference; lastKnownFileType = wrapper.xcdatamodel; path = Device.xcdatamodel; sourceTree = "<group>"; };
		1AFC536F190E392D009D3815 /* CoreData.framework */ = {isa = PBXFileReference; lastKnownFileType = wrapper.framework; name = CoreData.framework; path = System/Library/Frameworks/CoreData.framework; sourceTree = SDKROOT; };
/* End PBXFileReference section */

/* Begin PBXFrameworksBuildPhase section */
		1AFC532C190E2692009D3815 /* Frameworks */ = {
			isa = PBXFrameworksBuildPhase;
			buildActionMask = 2147483647;
			files = (
				1AFC5370190E392D009D3815 /* CoreData.framework in Frameworks */,
				1AFC5335190E2692009D3815 /* CoreGraphics.framework in Frameworks */,
				1AFC5337190E2692009D3815 /* UIKit.framework in Frameworks */,
				1AFC5333190E2692009D3815 /* Foundation.framework in Frameworks */,
			);
			runOnlyForDeploymentPostprocessing = 0;
		};
		1AFC5347190E2692009D3815 /* Frameworks */ = {
			isa = PBXFrameworksBuildPhase;
			buildActionMask = 2147483647;
			files = (
				1AFC534C190E2692009D3815 /* XCTest.framework in Frameworks */,
				1AFC534E190E2692009D3815 /* UIKit.framework in Frameworks */,
				1AFC534D190E2692009D3815 /* Foundation.framework in Frameworks */,
			);
			runOnlyForDeploymentPostprocessing = 0;
		};
/* End PBXFrameworksBuildPhase section */

/* Begin PBXGroup section */
		1AFC5326190E2692009D3815 = {
			isa = PBXGroup;
			children = (
				1AFC5338190E2692009D3815 /* SmartHome */,
				1AFC5351190E2692009D3815 /* SmartHomeTests */,
				1AFC5331190E2692009D3815 /* Frameworks */,
				1AFC5330190E2692009D3815 /* Products */,
			);
			sourceTree = "<group>";
		};
		1AFC5330190E2692009D3815 /* Products */ = {
			isa = PBXGroup;
			children = (
				1AFC532F190E2692009D3815 /* SmartHome.app */,
				1AFC534A190E2692009D3815 /* SmartHomeTests.xctest */,
			);
			name = Products;
			sourceTree = "<group>";
		};
		1AFC5331190E2692009D3815 /* Frameworks */ = {
			isa = PBXGroup;
			children = (
				1AFC536F190E392D009D3815 /* CoreData.framework */,
				1AFC5332190E2692009D3815 /* Foundation.framework */,
				1AFC5334190E2692009D3815 /* CoreGraphics.framework */,
				1AFC5336190E2692009D3815 /* UIKit.framework */,
				1AFC534B190E2692009D3815 /* XCTest.framework */,
			);
			name = Frameworks;
			sourceTree = "<group>";
		};
		1AFC5338190E2692009D3815 /* SmartHome */ = {
			isa = PBXGroup;
			children = (
				1AFC5341190E2692009D3815 /* KWTTDAppDelegate.h */,
				1AFC5342190E2692009D3815 /* KWTTDAppDelegate.m */,
				1AFC5344190E2692009D3815 /* Images.xcassets */,
				1AFC5339190E2692009D3815 /* Supporting Files */,
				1AFC5361190E26C0009D3815 /* KWTTDListViewController.h */,
				1AFC5362190E26C0009D3815 /* KWTTDListViewController.m */,
				1AFC5364190E272A009D3815 /* Main.storyboard */,
				1A3FB1AC190E431200508E15 /* KWTTDNavViewController.h */,
				1A3FB1AD190E431200508E15 /* KWTTDNavViewController.m */,
				1AFC536C190E3820009D3815 /* Device.xcdatamodeld */,
				1A3FB119190E3C8700508E15 /* Device.h */,
				1A3FB11A190E3C8700508E15 /* Device.m */,
				1A3FB1B5190E4EE000508E15 /* KWTTDAddViewController.h */,
				1A3FB1B6190E4EE000508E15 /* KWTTDAddViewController.m */,
			);
			path = SmartHome;
			sourceTree = "<group>";
		};
		1AFC5339190E2692009D3815 /* Supporting Files */ = {
			isa = PBXGroup;
			children = (
				1AFC533A190E2692009D3815 /* SmartHome-Info.plist */,
				1AFC533B190E2692009D3815 /* InfoPlist.strings */,
				1AFC533E190E2692009D3815 /* main.m */,
				1AFC5340190E2692009D3815 /* SmartHome-Prefix.pch */,
			);
			name = "Supporting Files";
			sourceTree = "<group>";
		};
		1AFC5351190E2692009D3815 /* SmartHomeTests */ = {
			isa = PBXGroup;
			children = (
				1AFC5357190E2692009D3815 /* SmartHomeTests.m */,
				1AFC5352190E2692009D3815 /* Supporting Files */,
			);
			path = SmartHomeTests;
			sourceTree = "<group>";
		};
		1AFC5352190E2692009D3815 /* Supporting Files */ = {
			isa = PBXGroup;
			children = (
				1AFC5353190E2692009D3815 /* SmartHomeTests-Info.plist */,
				1AFC5354190E2692009D3815 /* InfoPlist.strings */,
			);
			name = "Supporting Files";
			sourceTree = "<group>";
		};
/* End PBXGroup section */

/* Begin PBXNativeTarget section */
		1AFC532E190E2692009D3815 /* SmartHome */ = {
			isa = PBXNativeTarget;
			buildConfigurationList = 1AFC535B190E2692009D3815 /* Build configuration list for PBXNativeTarget "SmartHome" */;
			buildPhases = (
				1AFC532B190E2692009D3815 /* Sources */,
				1AFC532C190E2692009D3815 /* Frameworks */,
				1AFC532D190E2692009D3815 /* Resources */,
			);
			buildRules = (
			);
			dependencies = (
			);
			name = SmartHome;
			productName = SmartHome;
			productReference = 1AFC532F190E2692009D3815 /* SmartHome.app */;
			productType = "com.apple.product-type.application";
		};
		1AFC5349190E2692009D3815 /* SmartHomeTests */ = {
			isa = PBXNativeTarget;
			buildConfigurationList = 1AFC535E190E2692009D3815 /* Build configuration list for PBXNativeTarget "SmartHomeTests" */;
			buildPhases = (
				1AFC5346190E2692009D3815 /* Sources */,
				1AFC5347190E2692009D3815 /* Frameworks */,
				1AFC5348190E2692009D3815 /* Resources */,
			);
			buildRules = (
			);
			dependencies = (
				1AFC5350190E2692009D3815 /* PBXTargetDependency */,
			);
			name = SmartHomeTests;
			productName = SmartHomeTests;
			productReference = 1AFC534A190E2692009D3815 /* SmartHomeTests.xctest */;
			productType = "com.apple.product-type.bundle.unit-test";
		};
/* End PBXNativeTarget section */

/* Begin PBXProject section */
		1AFC5327190E2692009D3815 /* Project object */ = {
			isa = PBXProject;
			attributes = {
				CLASSPREFIX = KWTTD;
				LastUpgradeCheck = 0510;
				ORGANIZATIONNAME = "Eric Zhao";
				TargetAttributes = {
					1AFC5349190E2692009D3815 = {
						TestTargetID = 1AFC532E190E2692009D3815;
					};
				};
			};
			buildConfigurationList = 1AFC532A190E2692009D3815 /* Build configuration list for PBXProject "SmartHome" */;
			compatibilityVersion = "Xcode 3.2";
			developmentRegion = English;
			hasScannedForEncodings = 0;
			knownRegions = (
				en,
			);
			mainGroup = 1AFC5326190E2692009D3815;
			productRefGroup = 1AFC5330190E2692009D3815 /* Products */;
			projectDirPath = "";
			projectRoot = "";
			targets = (
				1AFC532E190E2692009D3815 /* SmartHome */,
				1AFC5349190E2692009D3815 /* SmartHomeTests */,
			);
		};
/* End PBXProject section */

/* Begin PBXResourcesBuildPhase section */
		1AFC532D190E2692009D3815 /* Resources */ = {
			isa = PBXResourcesBuildPhase;
			buildActionMask = 2147483647;
			files = (
				1AFC5365190E272A009D3815 /* Main.storyboard in Resources */,
				1AFC533D190E2692009D3815 /* InfoPlist.strings in Resources */,
				1AFC5345190E2692009D3815 /* Images.xcassets in Resources */,
			);
			runOnlyForDeploymentPostprocessing = 0;
		};
		1AFC5348190E2692009D3815 /* Resources */ = {
			isa = PBXResourcesBuildPhase;
			buildActionMask = 2147483647;
			files = (
				1AFC5356190E2692009D3815 /* InfoPlist.strings in Resources */,
			);
			runOnlyForDeploymentPostprocessing = 0;
		};
/* End PBXResourcesBuildPhase section */

/* Begin PBXSourcesBuildPhase section */
		1AFC532B190E2692009D3815 /* Sources */ = {
			isa = PBXSourcesBuildPhase;
			buildActionMask = 2147483647;
			files = (
				1AFC533F190E2692009D3815 /* main.m in Sources */,
				1A3FB1AE190E431200508E15 /* KWTTDNavViewController.m in Sources */,
				1A3FB1B7190E4EE000508E15 /* KWTTDAddViewController.m in Sources */,
				1AFC5363190E26C0009D3815 /* KWTTDListViewController.m in Sources */,
				1AFC5343190E2692009D3815 /* KWTTDAppDelegate.m in Sources */,
				1A3FB11B190E3C8700508E15 /* Device.m in Sources */,
				1AFC536E190E3820009D3815 /* Device.xcdatamodeld in Sources */,
			);
			runOnlyForDeploymentPostprocessing = 0;
		};
		1AFC5346190E2692009D3815 /* Sources */ = {
			isa = PBXSourcesBuildPhase;
			buildActionMask = 2147483647;
			files = (
				1AFC5358190E2692009D3815 /* SmartHomeTests.m in Sources */,
			);
			runOnlyForDeploymentPostprocessing = 0;
		};
/* End PBXSourcesBuildPhase section */

/* Begin PBXTargetDependency section */
		1AFC5350190E2692009D3815 /* PBXTargetDependency */ = {
			isa = PBXTargetDependency;
			target = 1AFC532E190E2692009D3815 /* SmartHome */;
			targetProxy = 1AFC534F190E2692009D3815 /* PBXContainerItemProxy */;
		};
/* End PBXTargetDependency section */

/* Begin PBXVariantGroup section */
		1AFC533B190E2692009D3815 /* InfoPlist.strings */ = {
			isa = PBXVariantGroup;
			children = (
				1AFC533C190E2692009D3815 /* en */,
			);
			name = InfoPlist.strings;
			sourceTree = "<group>";
		};
		1AFC5354190E2692009D3815 /* InfoPlist.strings */ = {
			isa = PBXVariantGroup;
			children = (
				1AFC5355190E2692009D3815 /* en */,
			);
			name = InfoPlist.strings;
			sourceTree = "<group>";
		};
/* End PBXVariantGroup section */

/* Begin XCBuildConfiguration section */
		1AFC5359190E2692009D3815 /* Debug */ = {
			isa = XCBuildConfiguration;
			buildSettings = {
				ALWAYS_SEARCH_USER_PATHS = NO;
				CLANG_CXX_LANGUAGE_STANDARD = "gnu++0x";
				CLANG_CXX_LIBRARY = "libc++";
				CLANG_ENABLE_MODULES = YES;
				CLANG_ENABLE_OBJC_ARC = YES;
				CLANG_WARN_BOOL_CONVERSION = YES;
				CLANG_WARN_CONSTANT_CONVERSION = YES;
				CLANG_WARN_DIRECT_OBJC_ISA_USAGE = YES_ERROR;
				CLANG_WARN_EMPTY_BODY = YES;
				CLANG_WARN_ENUM_CONVERSION = YES;
				CLANG_WARN_INT_CONVERSION = YES;
				CLANG_WARN_OBJC_ROOT_CLASS = YES_ERROR;
				CLANG_WARN__DUPLICATE_METHOD_MATCH = YES;
				"CODE_SIGN_IDENTITY[sdk=iphoneos*]" = "iPhone Developer";
				COPY_PHASE_STRIP = NO;
				GCC_C_LANGUAGE_STANDARD = gnu99;
				GCC_DYNAMIC_NO_PIC = NO;
				GCC_OPTIMIZATION_LEVEL = 0;
				GCC_PREPROCESSOR_DEFINITIONS = (
					"DEBUG=1",
					"$(inherited)",
				);
				GCC_SYMBOLS_PRIVATE_EXTERN = NO;
				GCC_WARN_64_TO_32_BIT_CONVERSION = YES;
				GCC_WARN_ABOUT_RETURN_TYPE = YES_ERROR;
				GCC_WARN_UNDECLARED_SELECTOR = YES;
				GCC_WARN_UNINITIALIZED_AUTOS = YES_AGGRESSIVE;
				GCC_WARN_UNUSED_FUNCTION = YES;
				GCC_WARN_UNUSED_VARIABLE = YES;
				IPHONEOS_DEPLOYMENT_TARGET = 7.1;
				ONLY_ACTIVE_ARCH = YES;
				SDKROOT = iphoneos;
			};
			name = Debug;
		};
		1AFC535A190E2692009D3815 /* Release */ = {
			isa = XCBuildConfiguration;
			buildSettings = {
				ALWAYS_SEARCH_USER_PATHS = NO;
				CLANG_CXX_LANGUAGE_STANDARD = "gnu++0x";
				CLANG_CXX_LIBRARY = "libc++";
				CLANG_ENABLE_MODULES = YES;
				CLANG_ENABLE_OBJC_ARC = YES;
				CLANG_WARN_BOOL_CONVERSION = YES;
				CLANG_WARN_CONSTANT_CONVERSION = YES;
				CLANG_WARN_DIRECT_OBJC_ISA_USAGE = YES_ERROR;
				CLANG_WARN_EMPTY_BODY = YES;
				CLANG_WARN_ENUM_CONVERSION = YES;
				CLANG_WARN_INT_CONVERSION = YES;
				CLANG_WARN_OBJC_ROOT_CLASS = YES_ERROR;
				CLANG_WARN__DUPLICATE_METHOD_MATCH = YES;
				"CODE_SIGN_IDENTITY[sdk=iphoneos*]" = "iPhone Developer";
				COPY_PHASE_STRIP = YES;
				ENABLE_NS_ASSERTIONS = NO;
				GCC_C_LANGUAGE_STANDARD = gnu99;
				GCC_WARN_64_TO_32_BIT_CONVERSION = YES;
				GCC_WARN_ABOUT_RETURN_TYPE = YES_ERROR;
				GCC_WARN_UNDECLARED_SELECTOR = YES;
				GCC_WARN_UNINITIALIZED_AUTOS = YES_AGGRESSIVE;
				GCC_WARN_UNUSED_FUNCTION = YES;
				GCC_WARN_UNUSED_VARIABLE = YES;
				IPHONEOS_DEPLOYMENT_TARGET = 7.1;
				SDKROOT = iphoneos;
				VALIDATE_PRODUCT = YES;
			};
			name = Release;
		};
		1AFC535C190E2692009D3815 /* Debug */ = {
			isa = XCBuildConfiguration;
			buildSettings = {
				ASSETCATALOG_COMPILER_APPICON_NAME = AppIcon;
				ASSETCATALOG_COMPILER_LAUNCHIMAGE_NAME = LaunchImage;
				GCC_PRECOMPILE_PREFIX_HEADER = YES;
				GCC_PREFIX_HEADER = "SmartHome/SmartHome-Prefix.pch";
				INFOPLIST_FILE = "SmartHome/SmartHome-Info.plist";
				PRODUCT_NAME = "$(TARGET_NAME)";
				WRAPPER_EXTENSION = app;
			};
			name = Debug;
		};
		1AFC535D190E2692009D3815 /* Release */ = {
			isa = XCBuildConfiguration;
			buildSettings = {
				ASSETCATALOG_COMPILER_APPICON_NAME = AppIcon;
				ASSETCATALOG_COMPILER_LAUNCHIMAGE_NAME = LaunchImage;
				GCC_PRECOMPILE_PREFIX_HEADER = YES;
				GCC_PREFIX_HEADER = "SmartHome/SmartHome-Prefix.pch";
				INFOPLIST_FILE = "SmartHome/SmartHome-Info.plist";
				PRODUCT_NAME = "$(TARGET_NAME)";
				WRAPPER_EXTENSION = app;
			};
			name = Release;
		};
		1AFC535F190E2692009D3815 /* Debug */ = {
			isa = XCBuildConfiguration;
			buildSettings = {
				BUNDLE_LOADER = "$(BUILT_PRODUCTS_DIR)/SmartHome.app/SmartHome";
				FRAMEWORK_SEARCH_PATHS = (
					"$(SDKROOT)/Developer/Library/Frameworks",
					"$(inherited)",
					"$(DEVELOPER_FRAMEWORKS_DIR)",
				);
				GCC_PRECOMPILE_PREFIX_HEADER = YES;
				GCC_PREFIX_HEADER = "SmartHome/SmartHome-Prefix.pch";
				GCC_PREPROCESSOR_DEFINITIONS = (
					"DEBUG=1",
					"$(inherited)",
				);
				INFOPLIST_FILE = "SmartHomeTests/SmartHomeTests-Info.plist";
				PRODUCT_NAME = "$(TARGET_NAME)";
				TEST_HOST = "$(BUNDLE_LOADER)";
				WRAPPER_EXTENSION = xctest;
			};
			name = Debug;
		};
		1AFC5360190E2692009D3815 /* Release */ = {
			isa = XCBuildConfiguration;
			buildSettings = {
				BUNDLE_LOADER = "$(BUILT_PRODUCTS_DIR)/SmartHome.app/SmartHome";
				FRAMEWORK_SEARCH_PATHS = (
					"$(SDKROOT)/Developer/Library/Frameworks",
					"$(inherited)",
					"$(DEVELOPER_FRAMEWORKS_DIR)",
				);
				GCC_PRECOMPILE_PREFIX_HEADER = YES;
				GCC_PREFIX_HEADER = "SmartHome/SmartHome-Prefix.pch";
				INFOPLIST_FILE = "SmartHomeTests/SmartHomeTests-Info.plist";
				PRODUCT_NAME = "$(TARGET_NAME)";
				TEST_HOST = "$(BUNDLE_LOADER)";
				WRAPPER_EXTENSION = xctest;
			};
			name = Release;
		};
/* End XCBuildConfiguration section */

/* Begin XCConfigurationList section */
		1AFC532A190E2692009D3815 /* Build configuration list for PBXProject "SmartHome" */ = {
			isa = XCConfigurationList;
			buildConfigurations = (
				1AFC5359190E2692009D3815 /* Debug */,
				1AFC535A190E2692009D3815 /* Release */,
			);
			defaultConfigurationIsVisible = 0;
			defaultConfigurationName = Release;
		};
		1AFC535B190E2692009D3815 /* Build configuration list for PBXNativeTarget "SmartHome" */ = {
			isa = XCConfigurationList;
			buildConfigurations = (
				1AFC535C190E2692009D3815 /* Debug */,
				1AFC535D190E2692009D3815 /* Release */,
			);
			defaultConfigurationIsVisible = 0;
			defaultConfigurationName = Release;
		};
		1AFC535E190E2692009D3815 /* Build configuration list for PBXNativeTarget "SmartHomeTests" */ = {
			isa = XCConfigurationList;
			buildConfigurations = (
				1AFC535F190E2692009D3815 /* Debug */,
				1AFC5360190E2692009D3815 /* Release */,
			);
			defaultConfigurationIsVisible = 0;
			defaultConfigurationName = Release;
		};
/* End XCConfigurationList section */

/* Begin XCVersionGroup section */
		1AFC536C190E3820009D3815 /* Device.xcdatamodeld */ = {
			isa = XCVersionGroup;
			children = (
				1AFC536D190E3820009D3815 /* Device.xcdatamodel */,
			);
			currentVersion = 1AFC536D190E3820009D3815 /* Device.xcdatamodel */;
			path = Device.xcdatamodeld;
			sourceTree = "<group>";
			versionGroupType = wrapper.xcdatamodel;
		};
/* End XCVersionGroup section */
	};
	rootObject = 1AFC5327190E2692009D3815 /* Project object */;
}
