// !$*UTF8*$!
{
	archiveVersion = 1;
	classes = {
	};
	objectVersion = 46;
	objects = {

/* Begin PBXBuildFile section */
		1AFBA4DB192B1DF10017F21D /* Foundation.framework in Frameworks */ = {isa = PBXBuildFile; fileRef = 1AFBA4DA192B1DF10017F21D /* Foundation.framework */; };
		1AFBA4DD192B1DF10017F21D /* CoreGraphics.framework in Frameworks */ = {isa = PBXBuildFile; fileRef = 1AFBA4DC192B1DF10017F21D /* CoreGraphics.framework */; };
		1AFBA4DF192B1DF10017F21D /* UIKit.framework in Frameworks */ = {isa = PBXBuildFile; fileRef = 1AFBA4DE192B1DF10017F21D /* UIKit.framework */; };
		1AFBA4E5192B1DF10017F21D /* InfoPlist.strings in Resources */ = {isa = PBXBuildFile; fileRef = 1AFBA4E3192B1DF10017F21D /* InfoPlist.strings */; };
		1AFBA4E7192B1DF10017F21D /* main.m in Sources */ = {isa = PBXBuildFile; fileRef = 1AFBA4E6192B1DF10017F21D /* main.m */; };
		1AFBA4EB192B1DF10017F21D /* KWTTDAppDelegate.m in Sources */ = {isa = PBXBuildFile; fileRef = 1AFBA4EA192B1DF10017F21D /* KWTTDAppDelegate.m */; };
		1AFBA4EE192B1DF10017F21D /* Main.storyboard in Resources */ = {isa = PBXBuildFile; fileRef = 1AFBA4EC192B1DF10017F21D /* Main.storyboard */; };
		1AFBA4F1192B1DF10017F21D /* KWTTDViewController.m in Sources */ = {isa = PBXBuildFile; fileRef = 1AFBA4F0192B1DF10017F21D /* KWTTDViewController.m */; };
		1AFBA4F3192B1DF10017F21D /* Images.xcassets in Resources */ = {isa = PBXBuildFile; fileRef = 1AFBA4F2192B1DF10017F21D /* Images.xcassets */; };
		1AFBA4FA192B1DF10017F21D /* XCTest.framework in Frameworks */ = {isa = PBXBuildFile; fileRef = 1AFBA4F9192B1DF10017F21D /* XCTest.framework */; };
		1AFBA4FB192B1DF10017F21D /* Foundation.framework in Frameworks */ = {isa = PBXBuildFile; fileRef = 1AFBA4DA192B1DF10017F21D /* Foundation.framework */; };
		1AFBA4FC192B1DF10017F21D /* UIKit.framework in Frameworks */ = {isa = PBXBuildFile; fileRef = 1AFBA4DE192B1DF10017F21D /* UIKit.framework */; };
		1AFBA504192B1DF10017F21D /* InfoPlist.strings in Resources */ = {isa = PBXBuildFile; fileRef = 1AFBA502192B1DF10017F21D /* InfoPlist.strings */; };
		1AFBA506192B1DF10017F21D /* UDP_TestTests.m in Sources */ = {isa = PBXBuildFile; fileRef = 1AFBA505192B1DF10017F21D /* UDP_TestTests.m */; };
		1AFBA511192B1E640017F21D /* AsyncUdpSocket.m in Sources */ = {isa = PBXBuildFile; fileRef = 1AFBA510192B1E640017F21D /* AsyncUdpSocket.m */; };
/* End PBXBuildFile section */

/* Begin PBXContainerItemProxy section */
		1AFBA4FD192B1DF10017F21D /* PBXContainerItemProxy */ = {
			isa = PBXContainerItemProxy;
			containerPortal = 1AFBA4CF192B1DF10017F21D /* Project object */;
			proxyType = 1;
			remoteGlobalIDString = 1AFBA4D6192B1DF10017F21D;
			remoteInfo = "UDP Test";
		};
/* End PBXContainerItemProxy section */

/* Begin PBXFileReference section */
		1AFBA4D7192B1DF10017F21D /* UDP Test.app */ = {isa = PBXFileReference; explicitFileType = wrapper.application; includeInIndex = 0; path = "UDP Test.app"; sourceTree = BUILT_PRODUCTS_DIR; };
		1AFBA4DA192B1DF10017F21D /* Foundation.framework */ = {isa = PBXFileReference; lastKnownFileType = wrapper.framework; name = Foundation.framework; path = System/Library/Frameworks/Foundation.framework; sourceTree = SDKROOT; };
		1AFBA4DC192B1DF10017F21D /* CoreGraphics.framework */ = {isa = PBXFileReference; lastKnownFileType = wrapper.framework; name = CoreGraphics.framework; path = System/Library/Frameworks/CoreGraphics.framework; sourceTree = SDKROOT; };
		1AFBA4DE192B1DF10017F21D /* UIKit.framework */ = {isa = PBXFileReference; lastKnownFileType = wrapper.framework; name = UIKit.framework; path = System/Library/Frameworks/UIKit.framework; sourceTree = SDKROOT; };
		1AFBA4E2192B1DF10017F21D /* UDP Test-Info.plist */ = {isa = PBXFileReference; lastKnownFileType = text.plist.xml; path = "UDP Test-Info.plist"; sourceTree = "<group>"; };
		1AFBA4E4192B1DF10017F21D /* en */ = {isa = PBXFileReference; lastKnownFileType = text.plist.strings; name = en; path = en.lproj/InfoPlist.strings; sourceTree = "<group>"; };
		1AFBA4E6192B1DF10017F21D /* main.m */ = {isa = PBXFileReference; lastKnownFileType = sourcecode.c.objc; path = main.m; sourceTree = "<group>"; };
		1AFBA4E8192B1DF10017F21D /* UDP Test-Prefix.pch */ = {isa = PBXFileReference; lastKnownFileType = sourcecode.c.h; path = "UDP Test-Prefix.pch"; sourceTree = "<group>"; };
		1AFBA4E9192B1DF10017F21D /* KWTTDAppDelegate.h */ = {isa = PBXFileReference; lastKnownFileType = sourcecode.c.h; path = KWTTDAppDelegate.h; sourceTree = "<group>"; };
		1AFBA4EA192B1DF10017F21D /* KWTTDAppDelegate.m */ = {isa = PBXFileReference; lastKnownFileType = sourcecode.c.objc; path = KWTTDAppDelegate.m; sourceTree = "<group>"; };
		1AFBA4ED192B1DF10017F21D /* Base */ = {isa = PBXFileReference; lastKnownFileType = file.storyboard; name = Base; path = Base.lproj/Main.storyboard; sourceTree = "<group>"; };
		1AFBA4EF192B1DF10017F21D /* KWTTDViewController.h */ = {isa = PBXFileReference; lastKnownFileType = sourcecode.c.h; path = KWTTDViewController.h; sourceTree = "<group>"; };
		1AFBA4F0192B1DF10017F21D /* KWTTDViewController.m */ = {isa = PBXFileReference; lastKnownFileType = sourcecode.c.objc; path = KWTTDViewController.m; sourceTree = "<group>"; };
		1AFBA4F2192B1DF10017F21D /* Images.xcassets */ = {isa = PBXFileReference; lastKnownFileType = folder.assetcatalog; path = Images.xcassets; sourceTree = "<group>"; };
		1AFBA4F8192B1DF10017F21D /* UDP TestTests.xctest */ = {isa = PBXFileReference; explicitFileType = wrapper.cfbundle; includeInIndex = 0; path = "UDP TestTests.xctest"; sourceTree = BUILT_PRODUCTS_DIR; };
		1AFBA4F9192B1DF10017F21D /* XCTest.framework */ = {isa = PBXFileReference; lastKnownFileType = wrapper.framework; name = XCTest.framework; path = Library/Frameworks/XCTest.framework; sourceTree = DEVELOPER_DIR; };
		1AFBA501192B1DF10017F21D /* UDP TestTests-Info.plist */ = {isa = PBXFileReference; lastKnownFileType = text.plist.xml; path = "UDP TestTests-Info.plist"; sourceTree = "<group>"; };
		1AFBA503192B1DF10017F21D /* en */ = {isa = PBXFileReference; lastKnownFileType = text.plist.strings; name = en; path = en.lproj/InfoPlist.strings; sourceTree = "<group>"; };
		1AFBA505192B1DF10017F21D /* UDP_TestTests.m */ = {isa = PBXFileReference; lastKnownFileType = sourcecode.c.objc; path = UDP_TestTests.m; sourceTree = "<group>"; };
		1AFBA50F192B1E640017F21D /* AsyncUdpSocket.h */ = {isa = PBXFileReference; fileEncoding = 4; lastKnownFileType = sourcecode.c.h; path = AsyncUdpSocket.h; sourceTree = "<group>"; };
		1AFBA510192B1E640017F21D /* AsyncUdpSocket.m */ = {isa = PBXFileReference; fileEncoding = 4; lastKnownFileType = sourcecode.c.objc; path = AsyncUdpSocket.m; sourceTree = "<group>"; };
/* End PBXFileReference section */

/* Begin PBXFrameworksBuildPhase section */
		1AFBA4D4192B1DF10017F21D /* Frameworks */ = {
			isa = PBXFrameworksBuildPhase;
			buildActionMask = 2147483647;
			files = (
				1AFBA4DD192B1DF10017F21D /* CoreGraphics.framework in Frameworks */,
				1AFBA4DF192B1DF10017F21D /* UIKit.framework in Frameworks */,
				1AFBA4DB192B1DF10017F21D /* Foundation.framework in Frameworks */,
			);
			runOnlyForDeploymentPostprocessing = 0;
		};
		1AFBA4F5192B1DF10017F21D /* Frameworks */ = {
			isa = PBXFrameworksBuildPhase;
			buildActionMask = 2147483647;
			files = (
				1AFBA4FA192B1DF10017F21D /* XCTest.framework in Frameworks */,
				1AFBA4FC192B1DF10017F21D /* UIKit.framework in Frameworks */,
				1AFBA4FB192B1DF10017F21D /* Foundation.framework in Frameworks */,
			);
			runOnlyForDeploymentPostprocessing = 0;
		};
/* End PBXFrameworksBuildPhase section */

/* Begin PBXGroup section */
		1AFBA4CE192B1DF10017F21D = {
			isa = PBXGroup;
			children = (
				1AFBA4E0192B1DF10017F21D /* UDP Test */,
				1AFBA4FF192B1DF10017F21D /* UDP TestTests */,
				1AFBA4D9192B1DF10017F21D /* Frameworks */,
				1AFBA4D8192B1DF10017F21D /* Products */,
			);
			sourceTree = "<group>";
		};
		1AFBA4D8192B1DF10017F21D /* Products */ = {
			isa = PBXGroup;
			children = (
				1AFBA4D7192B1DF10017F21D /* UDP Test.app */,
				1AFBA4F8192B1DF10017F21D /* UDP TestTests.xctest */,
			);
			name = Products;
			sourceTree = "<group>";
		};
		1AFBA4D9192B1DF10017F21D /* Frameworks */ = {
			isa = PBXGroup;
			children = (
				1AFBA4DA192B1DF10017F21D /* Foundation.framework */,
				1AFBA4DC192B1DF10017F21D /* CoreGraphics.framework */,
				1AFBA4DE192B1DF10017F21D /* UIKit.framework */,
				1AFBA4F9192B1DF10017F21D /* XCTest.framework */,
			);
			name = Frameworks;
			sourceTree = "<group>";
		};
		1AFBA4E0192B1DF10017F21D /* UDP Test */ = {
			isa = PBXGroup;
			children = (
				1AFBA50F192B1E640017F21D /* AsyncUdpSocket.h */,
				1AFBA510192B1E640017F21D /* AsyncUdpSocket.m */,
				1AFBA4E9192B1DF10017F21D /* KWTTDAppDelegate.h */,
				1AFBA4EA192B1DF10017F21D /* KWTTDAppDelegate.m */,
				1AFBA4EC192B1DF10017F21D /* Main.storyboard */,
				1AFBA4EF192B1DF10017F21D /* KWTTDViewController.h */,
				1AFBA4F0192B1DF10017F21D /* KWTTDViewController.m */,
				1AFBA4F2192B1DF10017F21D /* Images.xcassets */,
				1AFBA4E1192B1DF10017F21D /* Supporting Files */,
			);
			path = "UDP Test";
			sourceTree = "<group>";
		};
		1AFBA4E1192B1DF10017F21D /* Supporting Files */ = {
			isa = PBXGroup;
			children = (
				1AFBA4E2192B1DF10017F21D /* UDP Test-Info.plist */,
				1AFBA4E3192B1DF10017F21D /* InfoPlist.strings */,
				1AFBA4E6192B1DF10017F21D /* main.m */,
				1AFBA4E8192B1DF10017F21D /* UDP Test-Prefix.pch */,
			);
			name = "Supporting Files";
			sourceTree = "<group>";
		};
		1AFBA4FF192B1DF10017F21D /* UDP TestTests */ = {
			isa = PBXGroup;
			children = (
				1AFBA505192B1DF10017F21D /* UDP_TestTests.m */,
				1AFBA500192B1DF10017F21D /* Supporting Files */,
			);
			path = "UDP TestTests";
			sourceTree = "<group>";
		};
		1AFBA500192B1DF10017F21D /* Supporting Files */ = {
			isa = PBXGroup;
			children = (
				1AFBA501192B1DF10017F21D /* UDP TestTests-Info.plist */,
				1AFBA502192B1DF10017F21D /* InfoPlist.strings */,
			);
			name = "Supporting Files";
			sourceTree = "<group>";
		};
/* End PBXGroup section */

/* Begin PBXNativeTarget section */
		1AFBA4D6192B1DF10017F21D /* UDP Test */ = {
			isa = PBXNativeTarget;
			buildConfigurationList = 1AFBA509192B1DF10017F21D /* Build configuration list for PBXNativeTarget "UDP Test" */;
			buildPhases = (
				1AFBA4D3192B1DF10017F21D /* Sources */,
				1AFBA4D4192B1DF10017F21D /* Frameworks */,
				1AFBA4D5192B1DF10017F21D /* Resources */,
			);
			buildRules = (
			);
			dependencies = (
			);
			name = "UDP Test";
			productName = "UDP Test";
			productReference = 1AFBA4D7192B1DF10017F21D /* UDP Test.app */;
			productType = "com.apple.product-type.application";
		};
		1AFBA4F7192B1DF10017F21D /* UDP TestTests */ = {
			isa = PBXNativeTarget;
			buildConfigurationList = 1AFBA50C192B1DF10017F21D /* Build configuration list for PBXNativeTarget "UDP TestTests" */;
			buildPhases = (
				1AFBA4F4192B1DF10017F21D /* Sources */,
				1AFBA4F5192B1DF10017F21D /* Frameworks */,
				1AFBA4F6192B1DF10017F21D /* Resources */,
			);
			buildRules = (
			);
			dependencies = (
				1AFBA4FE192B1DF10017F21D /* PBXTargetDependency */,
			);
			name = "UDP TestTests";
			productName = "UDP TestTests";
			productReference = 1AFBA4F8192B1DF10017F21D /* UDP TestTests.xctest */;
			productType = "com.apple.product-type.bundle.unit-test";
		};
/* End PBXNativeTarget section */

/* Begin PBXProject section */
		1AFBA4CF192B1DF10017F21D /* Project object */ = {
			isa = PBXProject;
			attributes = {
				CLASSPREFIX = KWTTD;
				LastUpgradeCheck = 0510;
				ORGANIZATIONNAME = "Eric Zhao";
				TargetAttributes = {
					1AFBA4F7192B1DF10017F21D = {
						TestTargetID = 1AFBA4D6192B1DF10017F21D;
					};
				};
			};
			buildConfigurationList = 1AFBA4D2192B1DF10017F21D /* Build configuration list for PBXProject "UDP Test" */;
			compatibilityVersion = "Xcode 3.2";
			developmentRegion = English;
			hasScannedForEncodings = 0;
			knownRegions = (
				en,
				Base,
			);
			mainGroup = 1AFBA4CE192B1DF10017F21D;
			productRefGroup = 1AFBA4D8192B1DF10017F21D /* Products */;
			projectDirPath = "";
			projectRoot = "";
			targets = (
				1AFBA4D6192B1DF10017F21D /* UDP Test */,
				1AFBA4F7192B1DF10017F21D /* UDP TestTests */,
			);
		};
/* End PBXProject section */

/* Begin PBXResourcesBuildPhase section */
		1AFBA4D5192B1DF10017F21D /* Resources */ = {
			isa = PBXResourcesBuildPhase;
			buildActionMask = 2147483647;
			files = (
				1AFBA4F3192B1DF10017F21D /* Images.xcassets in Resources */,
				1AFBA4E5192B1DF10017F21D /* InfoPlist.strings in Resources */,
				1AFBA4EE192B1DF10017F21D /* Main.storyboard in Resources */,
			);
			runOnlyForDeploymentPostprocessing = 0;
		};
		1AFBA4F6192B1DF10017F21D /* Resources */ = {
			isa = PBXResourcesBuildPhase;
			buildActionMask = 2147483647;
			files = (
				1AFBA504192B1DF10017F21D /* InfoPlist.strings in Resources */,
			);
			runOnlyForDeploymentPostprocessing = 0;
		};
/* End PBXResourcesBuildPhase section */

/* Begin PBXSourcesBuildPhase section */
		1AFBA4D3192B1DF10017F21D /* Sources */ = {
			isa = PBXSourcesBuildPhase;
			buildActionMask = 2147483647;
			files = (
				1AFBA4F1192B1DF10017F21D /* KWTTDViewController.m in Sources */,
				1AFBA4E7192B1DF10017F21D /* main.m in Sources */,
				1AFBA4EB192B1DF10017F21D /* KWTTDAppDelegate.m in Sources */,
				1AFBA511192B1E640017F21D /* AsyncUdpSocket.m in Sources */,
			);
			runOnlyForDeploymentPostprocessing = 0;
		};
		1AFBA4F4192B1DF10017F21D /* Sources */ = {
			isa = PBXSourcesBuildPhase;
			buildActionMask = 2147483647;
			files = (
				1AFBA506192B1DF10017F21D /* UDP_TestTests.m in Sources */,
			);
			runOnlyForDeploymentPostprocessing = 0;
		};
/* End PBXSourcesBuildPhase section */

/* Begin PBXTargetDependency section */
		1AFBA4FE192B1DF10017F21D /* PBXTargetDependency */ = {
			isa = PBXTargetDependency;
			target = 1AFBA4D6192B1DF10017F21D /* UDP Test */;
			targetProxy = 1AFBA4FD192B1DF10017F21D /* PBXContainerItemProxy */;
		};
/* End PBXTargetDependency section */

/* Begin PBXVariantGroup section */
		1AFBA4E3192B1DF10017F21D /* InfoPlist.strings */ = {
			isa = PBXVariantGroup;
			children = (
				1AFBA4E4192B1DF10017F21D /* en */,
			);
			name = InfoPlist.strings;
			sourceTree = "<group>";
		};
		1AFBA4EC192B1DF10017F21D /* Main.storyboard */ = {
			isa = PBXVariantGroup;
			children = (
				1AFBA4ED192B1DF10017F21D /* Base */,
			);
			name = Main.storyboard;
			sourceTree = "<group>";
		};
		1AFBA502192B1DF10017F21D /* InfoPlist.strings */ = {
			isa = PBXVariantGroup;
			children = (
				1AFBA503192B1DF10017F21D /* en */,
			);
			name = InfoPlist.strings;
			sourceTree = "<group>";
		};
/* End PBXVariantGroup section */

/* Begin XCBuildConfiguration section */
		1AFBA507192B1DF10017F21D /* Debug */ = {
			isa = XCBuildConfiguration;
			buildSettings = {
				ALWAYS_SEARCH_USER_PATHS = NO;
				CLANG_CXX_LANGUAGE_STANDARD = "gnu++0x";
				CLANG_CXX_LIBRARY = "libc++";
				CLANG_ENABLE_MODULES = YES;
				CLANG_ENABLE_OBJC_ARC = YES;
				CLANG_WARN_BOOL_CONVERSION = YES;
				CLANG_WARN_CONSTANT_CONVERSION = YES;
				CLANG_WARN_DIRECT_OBJC_ISA_USAGE = YES_ERROR;
				CLANG_WARN_EMPTY_BODY = YES;
				CLANG_WARN_ENUM_CONVERSION = YES;
				CLANG_WARN_INT_CONVERSION = YES;
				CLANG_WARN_OBJC_ROOT_CLASS = YES_ERROR;
				CLANG_WARN__DUPLICATE_METHOD_MATCH = YES;
				"CODE_SIGN_IDENTITY[sdk=iphoneos*]" = "iPhone Developer";
				COPY_PHASE_STRIP = NO;
				GCC_C_LANGUAGE_STANDARD = gnu99;
				GCC_DYNAMIC_NO_PIC = NO;
				GCC_OPTIMIZATION_LEVEL = 0;
				GCC_PREPROCESSOR_DEFINITIONS = (
					"DEBUG=1",
					"$(inherited)",
				);
				GCC_SYMBOLS_PRIVATE_EXTERN = NO;
				GCC_WARN_64_TO_32_BIT_CONVERSION = YES;
				GCC_WARN_ABOUT_RETURN_TYPE = YES_ERROR;
				GCC_WARN_UNDECLARED_SELECTOR = YES;
				GCC_WARN_UNINITIALIZED_AUTOS = YES_AGGRESSIVE;
				GCC_WARN_UNUSED_FUNCTION = YES;
				GCC_WARN_UNUSED_VARIABLE = YES;
				IPHONEOS_DEPLOYMENT_TARGET = 7.1;
				ONLY_ACTIVE_ARCH = YES;
				SDKROOT = iphoneos;
			};
			name = Debug;
		};
		1AFBA508192B1DF10017F21D /* Release */ = {
			isa = XCBuildConfiguration;
			buildSettings = {
				ALWAYS_SEARCH_USER_PATHS = NO;
				CLANG_CXX_LANGUAGE_STANDARD = "gnu++0x";
				CLANG_CXX_LIBRARY = "libc++";
				CLANG_ENABLE_MODULES = YES;
				CLANG_ENABLE_OBJC_ARC = YES;
				CLANG_WARN_BOOL_CONVERSION = YES;
				CLANG_WARN_CONSTANT_CONVERSION = YES;
				CLANG_WARN_DIRECT_OBJC_ISA_USAGE = YES_ERROR;
				CLANG_WARN_EMPTY_BODY = YES;
				CLANG_WARN_ENUM_CONVERSION = YES;
				CLANG_WARN_INT_CONVERSION = YES;
				CLANG_WARN_OBJC_ROOT_CLASS = YES_ERROR;
				CLANG_WARN__DUPLICATE_METHOD_MATCH = YES;
				"CODE_SIGN_IDENTITY[sdk=iphoneos*]" = "iPhone Developer";
				COPY_PHASE_STRIP = YES;
				ENABLE_NS_ASSERTIONS = NO;
				GCC_C_LANGUAGE_STANDARD = gnu99;
				GCC_WARN_64_TO_32_BIT_CONVERSION = YES;
				GCC_WARN_ABOUT_RETURN_TYPE = YES_ERROR;
				GCC_WARN_UNDECLARED_SELECTOR = YES;
				GCC_WARN_UNINITIALIZED_AUTOS = YES_AGGRESSIVE;
				GCC_WARN_UNUSED_FUNCTION = YES;
				GCC_WARN_UNUSED_VARIABLE = YES;
				IPHONEOS_DEPLOYMENT_TARGET = 7.1;
				SDKROOT = iphoneos;
				VALIDATE_PRODUCT = YES;
			};
			name = Release;
		};
		1AFBA50A192B1DF10017F21D /* Debug */ = {
			isa = XCBuildConfiguration;
			buildSettings = {
				ASSETCATALOG_COMPILER_APPICON_NAME = AppIcon;
				ASSETCATALOG_COMPILER_LAUNCHIMAGE_NAME = LaunchImage;
				GCC_PRECOMPILE_PREFIX_HEADER = YES;
				GCC_PREFIX_HEADER = "UDP Test/UDP Test-Prefix.pch";
				INFOPLIST_FILE = "UDP Test/UDP Test-Info.plist";
				PRODUCT_NAME = "$(TARGET_NAME)";
				WRAPPER_EXTENSION = app;
			};
			name = Debug;
		};
		1AFBA50B192B1DF10017F21D /* Release */ = {
			isa = XCBuildConfiguration;
			buildSettings = {
				ASSETCATALOG_COMPILER_APPICON_NAME = AppIcon;
				ASSETCATALOG_COMPILER_LAUNCHIMAGE_NAME = LaunchImage;
				GCC_PRECOMPILE_PREFIX_HEADER = YES;
				GCC_PREFIX_HEADER = "UDP Test/UDP Test-Prefix.pch";
				INFOPLIST_FILE = "UDP Test/UDP Test-Info.plist";
				PRODUCT_NAME = "$(TARGET_NAME)";
				WRAPPER_EXTENSION = app;
			};
			name = Release;
		};
		1AFBA50D192B1DF10017F21D /* Debug */ = {
			isa = XCBuildConfiguration;
			buildSettings = {
				BUNDLE_LOADER = "$(BUILT_PRODUCTS_DIR)/UDP Test.app/UDP Test";
				FRAMEWORK_SEARCH_PATHS = (
					"$(SDKROOT)/Developer/Library/Frameworks",
					"$(inherited)",
					"$(DEVELOPER_FRAMEWORKS_DIR)",
				);
				GCC_PRECOMPILE_PREFIX_HEADER = YES;
				GCC_PREFIX_HEADER = "UDP Test/UDP Test-Prefix.pch";
				GCC_PREPROCESSOR_DEFINITIONS = (
					"DEBUG=1",
					"$(inherited)",
				);
				INFOPLIST_FILE = "UDP TestTests/UDP TestTests-Info.plist";
				PRODUCT_NAME = "$(TARGET_NAME)";
				TEST_HOST = "$(BUNDLE_LOADER)";
				WRAPPER_EXTENSION = xctest;
			};
			name = Debug;
		};
		1AFBA50E192B1DF10017F21D /* Release */ = {
			isa = XCBuildConfiguration;
			buildSettings = {
				BUNDLE_LOADER = "$(BUILT_PRODUCTS_DIR)/UDP Test.app/UDP Test";
				FRAMEWORK_SEARCH_PATHS = (
					"$(SDKROOT)/Developer/Library/Frameworks",
					"$(inherited)",
					"$(DEVELOPER_FRAMEWORKS_DIR)",
				);
				GCC_PRECOMPILE_PREFIX_HEADER = YES;
				GCC_PREFIX_HEADER = "UDP Test/UDP Test-Prefix.pch";
				INFOPLIST_FILE = "UDP TestTests/UDP TestTests-Info.plist";
				PRODUCT_NAME = "$(TARGET_NAME)";
				TEST_HOST = "$(BUNDLE_LOADER)";
				WRAPPER_EXTENSION = xctest;
			};
			name = Release;
		};
/* End XCBuildConfiguration section */

/* Begin XCConfigurationList section */
		1AFBA4D2192B1DF10017F21D /* Build configuration list for PBXProject "UDP Test" */ = {
			isa = XCConfigurationList;
			buildConfigurations = (
				1AFBA507192B1DF10017F21D /* Debug */,
				1AFBA508192B1DF10017F21D /* Release */,
			);
			defaultConfigurationIsVisible = 0;
			defaultConfigurationName = Release;
		};
		1AFBA509192B1DF10017F21D /* Build configuration list for PBXNativeTarget "UDP Test" */ = {
			isa = XCConfigurationList;
			buildConfigurations = (
				1AFBA50A192B1DF10017F21D /* Debug */,
				1AFBA50B192B1DF10017F21D /* Release */,
			);
			defaultConfigurationIsVisible = 0;
		};
		1AFBA50C192B1DF10017F21D /* Build configuration list for PBXNativeTarget "UDP TestTests" */ = {
			isa = XCConfigurationList;
			buildConfigurations = (
				1AFBA50D192B1DF10017F21D /* Debug */,
				1AFBA50E192B1DF10017F21D /* Release */,
			);
			defaultConfigurationIsVisible = 0;
		};
/* End XCConfigurationList section */
	};
	rootObject = 1AFBA4CF192B1DF10017F21D /* Project object */;
}
