// !$*UTF8*$!
{
	archiveVersion = 1;
	classes = {
	};
	objectVersion = 46;
	objects = {

/* Begin PBXBuildFile section */
		1AFD5584190F71D3000ECBB1 /* Foundation.framework in Frameworks */ = {isa = PBXBuildFile; fileRef = 1AFD5583190F71D3000ECBB1 /* Foundation.framework */; };
		1AFD5586190F71D3000ECBB1 /* CoreGraphics.framework in Frameworks */ = {isa = PBXBuildFile; fileRef = 1AFD5585190F71D3000ECBB1 /* CoreGraphics.framework */; };
		1AFD5588190F71D3000ECBB1 /* UIKit.framework in Frameworks */ = {isa = PBXBuildFile; fileRef = 1AFD5587190F71D3000ECBB1 /* UIKit.framework */; };
		1AFD558E190F71D3000ECBB1 /* InfoPlist.strings in Resources */ = {isa = PBXBuildFile; fileRef = 1AFD558C190F71D3000ECBB1 /* InfoPlist.strings */; };
		1AFD5590190F71D3000ECBB1 /* main.m in Sources */ = {isa = PBXBuildFile; fileRef = 1AFD558F190F71D3000ECBB1 /* main.m */; };
		1AFD5594190F71D3000ECBB1 /* KWTTDAppDelegate.m in Sources */ = {isa = PBXBuildFile; fileRef = 1AFD5593190F71D3000ECBB1 /* KWTTDAppDelegate.m */; };
		1AFD5596190F71D3000ECBB1 /* Images.xcassets in Resources */ = {isa = PBXBuildFile; fileRef = 1AFD5595190F71D3000ECBB1 /* Images.xcassets */; };
		1AFD559D190F71D3000ECBB1 /* XCTest.framework in Frameworks */ = {isa = PBXBuildFile; fileRef = 1AFD559C190F71D3000ECBB1 /* XCTest.framework */; };
		1AFD559E190F71D3000ECBB1 /* Foundation.framework in Frameworks */ = {isa = PBXBuildFile; fileRef = 1AFD5583190F71D3000ECBB1 /* Foundation.framework */; };
		1AFD559F190F71D3000ECBB1 /* UIKit.framework in Frameworks */ = {isa = PBXBuildFile; fileRef = 1AFD5587190F71D3000ECBB1 /* UIKit.framework */; };
		1AFD55A7190F71D3000ECBB1 /* InfoPlist.strings in Resources */ = {isa = PBXBuildFile; fileRef = 1AFD55A5190F71D3000ECBB1 /* InfoPlist.strings */; };
		1AFD55A9190F71D3000ECBB1 /* Seg_NavTests.m in Sources */ = {isa = PBXBuildFile; fileRef = 1AFD55A8190F71D3000ECBB1 /* Seg_NavTests.m */; };
		1AFD55B3190F7214000ECBB1 /* MainStoryboard.storyboard in Resources */ = {isa = PBXBuildFile; fileRef = 1AFD55B2190F7214000ECBB1 /* MainStoryboard.storyboard */; };
/* End PBXBuildFile section */

/* Begin PBXContainerItemProxy section */
		1AFD55A0190F71D3000ECBB1 /* PBXContainerItemProxy */ = {
			isa = PBXContainerItemProxy;
			containerPortal = 1AFD5578190F71D3000ECBB1 /* Project object */;
			proxyType = 1;
			remoteGlobalIDString = 1AFD557F190F71D3000ECBB1;
			remoteInfo = "Seg Nav";
		};
/* End PBXContainerItemProxy section */

/* Begin PBXFileReference section */
		1AFD5580190F71D3000ECBB1 /* Seg Nav.app */ = {isa = PBXFileReference; explicitFileType = wrapper.application; includeInIndex = 0; path = "Seg Nav.app"; sourceTree = BUILT_PRODUCTS_DIR; };
		1AFD5583190F71D3000ECBB1 /* Foundation.framework */ = {isa = PBXFileReference; lastKnownFileType = wrapper.framework; name = Foundation.framework; path = System/Library/Frameworks/Foundation.framework; sourceTree = SDKROOT; };
		1AFD5585190F71D3000ECBB1 /* CoreGraphics.framework */ = {isa = PBXFileReference; lastKnownFileType = wrapper.framework; name = CoreGraphics.framework; path = System/Library/Frameworks/CoreGraphics.framework; sourceTree = SDKROOT; };
		1AFD5587190F71D3000ECBB1 /* UIKit.framework */ = {isa = PBXFileReference; lastKnownFileType = wrapper.framework; name = UIKit.framework; path = System/Library/Frameworks/UIKit.framework; sourceTree = SDKROOT; };
		1AFD558B190F71D3000ECBB1 /* Seg Nav-Info.plist */ = {isa = PBXFileReference; lastKnownFileType = text.plist.xml; path = "Seg Nav-Info.plist"; sourceTree = "<group>"; };
		1AFD558D190F71D3000ECBB1 /* en */ = {isa = PBXFileReference; lastKnownFileType = text.plist.strings; name = en; path = en.lproj/InfoPlist.strings; sourceTree = "<group>"; };
		1AFD558F190F71D3000ECBB1 /* main.m */ = {isa = PBXFileReference; lastKnownFileType = sourcecode.c.objc; path = main.m; sourceTree = "<group>"; };
		1AFD5591190F71D3000ECBB1 /* Seg Nav-Prefix.pch */ = {isa = PBXFileReference; lastKnownFileType = sourcecode.c.h; path = "Seg Nav-Prefix.pch"; sourceTree = "<group>"; };
		1AFD5592190F71D3000ECBB1 /* KWTTDAppDelegate.h */ = {isa = PBXFileReference; lastKnownFileType = sourcecode.c.h; path = KWTTDAppDelegate.h; sourceTree = "<group>"; };
		1AFD5593190F71D3000ECBB1 /* KWTTDAppDelegate.m */ = {isa = PBXFileReference; lastKnownFileType = sourcecode.c.objc; path = KWTTDAppDelegate.m; sourceTree = "<group>"; };
		1AFD5595190F71D3000ECBB1 /* Images.xcassets */ = {isa = PBXFileReference; lastKnownFileType = folder.assetcatalog; path = Images.xcassets; sourceTree = "<group>"; };
		1AFD559B190F71D3000ECBB1 /* Seg NavTests.xctest */ = {isa = PBXFileReference; explicitFileType = wrapper.cfbundle; includeInIndex = 0; path = "Seg NavTests.xctest"; sourceTree = BUILT_PRODUCTS_DIR; };
		1AFD559C190F71D3000ECBB1 /* XCTest.framework */ = {isa = PBXFileReference; lastKnownFileType = wrapper.framework; name = XCTest.framework; path = Library/Frameworks/XCTest.framework; sourceTree = DEVELOPER_DIR; };
		1AFD55A4190F71D3000ECBB1 /* Seg NavTests-Info.plist */ = {isa = PBXFileReference; lastKnownFileType = text.plist.xml; path = "Seg NavTests-Info.plist"; sourceTree = "<group>"; };
		1AFD55A6190F71D3000ECBB1 /* en */ = {isa = PBXFileReference; lastKnownFileType = text.plist.strings; name = en; path = en.lproj/InfoPlist.strings; sourceTree = "<group>"; };
		1AFD55A8190F71D3000ECBB1 /* Seg_NavTests.m */ = {isa = PBXFileReference; lastKnownFileType = sourcecode.c.objc; path = Seg_NavTests.m; sourceTree = "<group>"; };
		1AFD55B2190F7214000ECBB1 /* MainStoryboard.storyboard */ = {isa = PBXFileReference; fileEncoding = 4; lastKnownFileType = file.storyboard; path = MainStoryboard.storyboard; sourceTree = "<group>"; };
/* End PBXFileReference section */

/* Begin PBXFrameworksBuildPhase section */
		1AFD557D190F71D3000ECBB1 /* Frameworks */ = {
			isa = PBXFrameworksBuildPhase;
			buildActionMask = 2147483647;
			files = (
				1AFD5586190F71D3000ECBB1 /* CoreGraphics.framework in Frameworks */,
				1AFD5588190F71D3000ECBB1 /* UIKit.framework in Frameworks */,
				1AFD5584190F71D3000ECBB1 /* Foundation.framework in Frameworks */,
			);
			runOnlyForDeploymentPostprocessing = 0;
		};
		1AFD5598190F71D3000ECBB1 /* Frameworks */ = {
			isa = PBXFrameworksBuildPhase;
			buildActionMask = 2147483647;
			files = (
				1AFD559D190F71D3000ECBB1 /* XCTest.framework in Frameworks */,
				1AFD559F190F71D3000ECBB1 /* UIKit.framework in Frameworks */,
				1AFD559E190F71D3000ECBB1 /* Foundation.framework in Frameworks */,
			);
			runOnlyForDeploymentPostprocessing = 0;
		};
/* End PBXFrameworksBuildPhase section */

/* Begin PBXGroup section */
		1AFD5577190F71D3000ECBB1 = {
			isa = PBXGroup;
			children = (
				1AFD5589190F71D3000ECBB1 /* Seg Nav */,
				1AFD55A2190F71D3000ECBB1 /* Seg NavTests */,
				1AFD5582190F71D3000ECBB1 /* Frameworks */,
				1AFD5581190F71D3000ECBB1 /* Products */,
			);
			sourceTree = "<group>";
		};
		1AFD5581190F71D3000ECBB1 /* Products */ = {
			isa = PBXGroup;
			children = (
				1AFD5580190F71D3000ECBB1 /* Seg Nav.app */,
				1AFD559B190F71D3000ECBB1 /* Seg NavTests.xctest */,
			);
			name = Products;
			sourceTree = "<group>";
		};
		1AFD5582190F71D3000ECBB1 /* Frameworks */ = {
			isa = PBXGroup;
			children = (
				1AFD5583190F71D3000ECBB1 /* Foundation.framework */,
				1AFD5585190F71D3000ECBB1 /* CoreGraphics.framework */,
				1AFD5587190F71D3000ECBB1 /* UIKit.framework */,
				1AFD559C190F71D3000ECBB1 /* XCTest.framework */,
			);
			name = Frameworks;
			sourceTree = "<group>";
		};
		1AFD5589190F71D3000ECBB1 /* Seg Nav */ = {
			isa = PBXGroup;
			children = (
				1AFD5592190F71D3000ECBB1 /* KWTTDAppDelegate.h */,
				1AFD5593190F71D3000ECBB1 /* KWTTDAppDelegate.m */,
				1AFD55B2190F7214000ECBB1 /* MainStoryboard.storyboard */,
				1AFD5595190F71D3000ECBB1 /* Images.xcassets */,
				1AFD558A190F71D3000ECBB1 /* Supporting Files */,
			);
			path = "Seg Nav";
			sourceTree = "<group>";
		};
		1AFD558A190F71D3000ECBB1 /* Supporting Files */ = {
			isa = PBXGroup;
			children = (
				1AFD558B190F71D3000ECBB1 /* Seg Nav-Info.plist */,
				1AFD558C190F71D3000ECBB1 /* InfoPlist.strings */,
				1AFD558F190F71D3000ECBB1 /* main.m */,
				1AFD5591190F71D3000ECBB1 /* Seg Nav-Prefix.pch */,
			);
			name = "Supporting Files";
			sourceTree = "<group>";
		};
		1AFD55A2190F71D3000ECBB1 /* Seg NavTests */ = {
			isa = PBXGroup;
			children = (
				1AFD55A8190F71D3000ECBB1 /* Seg_NavTests.m */,
				1AFD55A3190F71D3000ECBB1 /* Supporting Files */,
			);
			path = "Seg NavTests";
			sourceTree = "<group>";
		};
		1AFD55A3190F71D3000ECBB1 /* Supporting Files */ = {
			isa = PBXGroup;
			children = (
				1AFD55A4190F71D3000ECBB1 /* Seg NavTests-Info.plist */,
				1AFD55A5190F71D3000ECBB1 /* InfoPlist.strings */,
			);
			name = "Supporting Files";
			sourceTree = "<group>";
		};
/* End PBXGroup section */

/* Begin PBXNativeTarget section */
		1AFD557F190F71D3000ECBB1 /* Seg Nav */ = {
			isa = PBXNativeTarget;
			buildConfigurationList = 1AFD55AC190F71D3000ECBB1 /* Build configuration list for PBXNativeTarget "Seg Nav" */;
			buildPhases = (
				1AFD557C190F71D3000ECBB1 /* Sources */,
				1AFD557D190F71D3000ECBB1 /* Frameworks */,
				1AFD557E190F71D3000ECBB1 /* Resources */,
			);
			buildRules = (
			);
			dependencies = (
			);
			name = "Seg Nav";
			productName = "Seg Nav";
			productReference = 1AFD5580190F71D3000ECBB1 /* Seg Nav.app */;
			productType = "com.apple.product-type.application";
		};
		1AFD559A190F71D3000ECBB1 /* Seg NavTests */ = {
			isa = PBXNativeTarget;
			buildConfigurationList = 1AFD55AF190F71D3000ECBB1 /* Build configuration list for PBXNativeTarget "Seg NavTests" */;
			buildPhases = (
				1AFD5597190F71D3000ECBB1 /* Sources */,
				1AFD5598190F71D3000ECBB1 /* Frameworks */,
				1AFD5599190F71D3000ECBB1 /* Resources */,
			);
			buildRules = (
			);
			dependencies = (
				1AFD55A1190F71D3000ECBB1 /* PBXTargetDependency */,
			);
			name = "Seg NavTests";
			productName = "Seg NavTests";
			productReference = 1AFD559B190F71D3000ECBB1 /* Seg NavTests.xctest */;
			productType = "com.apple.product-type.bundle.unit-test";
		};
/* End PBXNativeTarget section */

/* Begin PBXProject section */
		1AFD5578190F71D3000ECBB1 /* Project object */ = {
			isa = PBXProject;
			attributes = {
				CLASSPREFIX = KWTTD;
				LastUpgradeCheck = 0510;
				ORGANIZATIONNAME = "Eric Zhao";
				TargetAttributes = {
					1AFD559A190F71D3000ECBB1 = {
						TestTargetID = 1AFD557F190F71D3000ECBB1;
					};
				};
			};
			buildConfigurationList = 1AFD557B190F71D3000ECBB1 /* Build configuration list for PBXProject "Seg Nav" */;
			compatibilityVersion = "Xcode 3.2";
			developmentRegion = English;
			hasScannedForEncodings = 0;
			knownRegions = (
				en,
			);
			mainGroup = 1AFD5577190F71D3000ECBB1;
			productRefGroup = 1AFD5581190F71D3000ECBB1 /* Products */;
			projectDirPath = "";
			projectRoot = "";
			targets = (
				1AFD557F190F71D3000ECBB1 /* Seg Nav */,
				1AFD559A190F71D3000ECBB1 /* Seg NavTests */,
			);
		};
/* End PBXProject section */

/* Begin PBXResourcesBuildPhase section */
		1AFD557E190F71D3000ECBB1 /* Resources */ = {
			isa = PBXResourcesBuildPhase;
			buildActionMask = 2147483647;
			files = (
				1AFD55B3190F7214000ECBB1 /* MainStoryboard.storyboard in Resources */,
				1AFD558E190F71D3000ECBB1 /* InfoPlist.strings in Resources */,
				1AFD5596190F71D3000ECBB1 /* Images.xcassets in Resources */,
			);
			runOnlyForDeploymentPostprocessing = 0;
		};
		1AFD5599190F71D3000ECBB1 /* Resources */ = {
			isa = PBXResourcesBuildPhase;
			buildActionMask = 2147483647;
			files = (
				1AFD55A7190F71D3000ECBB1 /* InfoPlist.strings in Resources */,
			);
			runOnlyForDeploymentPostprocessing = 0;
		};
/* End PBXResourcesBuildPhase section */

/* Begin PBXSourcesBuildPhase section */
		1AFD557C190F71D3000ECBB1 /* Sources */ = {
			isa = PBXSourcesBuildPhase;
			buildActionMask = 2147483647;
			files = (
				1AFD5590190F71D3000ECBB1 /* main.m in Sources */,
				1AFD5594190F71D3000ECBB1 /* KWTTDAppDelegate.m in Sources */,
			);
			runOnlyForDeploymentPostprocessing = 0;
		};
		1AFD5597190F71D3000ECBB1 /* Sources */ = {
			isa = PBXSourcesBuildPhase;
			buildActionMask = 2147483647;
			files = (
				1AFD55A9190F71D3000ECBB1 /* Seg_NavTests.m in Sources */,
			);
			runOnlyForDeploymentPostprocessing = 0;
		};
/* End PBXSourcesBuildPhase section */

/* Begin PBXTargetDependency section */
		1AFD55A1190F71D3000ECBB1 /* PBXTargetDependency */ = {
			isa = PBXTargetDependency;
			target = 1AFD557F190F71D3000ECBB1 /* Seg Nav */;
			targetProxy = 1AFD55A0190F71D3000ECBB1 /* PBXContainerItemProxy */;
		};
/* End PBXTargetDependency section */

/* Begin PBXVariantGroup section */
		1AFD558C190F71D3000ECBB1 /* InfoPlist.strings */ = {
			isa = PBXVariantGroup;
			children = (
				1AFD558D190F71D3000ECBB1 /* en */,
			);
			name = InfoPlist.strings;
			sourceTree = "<group>";
		};
		1AFD55A5190F71D3000ECBB1 /* InfoPlist.strings */ = {
			isa = PBXVariantGroup;
			children = (
				1AFD55A6190F71D3000ECBB1 /* en */,
			);
			name = InfoPlist.strings;
			sourceTree = "<group>";
		};
/* End PBXVariantGroup section */

/* Begin XCBuildConfiguration section */
		1AFD55AA190F71D3000ECBB1 /* Debug */ = {
			isa = XCBuildConfiguration;
			buildSettings = {
				ALWAYS_SEARCH_USER_PATHS = NO;
				CLANG_CXX_LANGUAGE_STANDARD = "gnu++0x";
				CLANG_CXX_LIBRARY = "libc++";
				CLANG_ENABLE_MODULES = YES;
				CLANG_ENABLE_OBJC_ARC = YES;
				CLANG_WARN_BOOL_CONVERSION = YES;
				CLANG_WARN_CONSTANT_CONVERSION = YES;
				CLANG_WARN_DIRECT_OBJC_ISA_USAGE = YES_ERROR;
				CLANG_WARN_EMPTY_BODY = YES;
				CLANG_WARN_ENUM_CONVERSION = YES;
				CLANG_WARN_INT_CONVERSION = YES;
				CLANG_WARN_OBJC_ROOT_CLASS = YES_ERROR;
				CLANG_WARN__DUPLICATE_METHOD_MATCH = YES;
				"CODE_SIGN_IDENTITY[sdk=iphoneos*]" = "iPhone Developer";
				COPY_PHASE_STRIP = NO;
				GCC_C_LANGUAGE_STANDARD = gnu99;
				GCC_DYNAMIC_NO_PIC = NO;
				GCC_OPTIMIZATION_LEVEL = 0;
				GCC_PREPROCESSOR_DEFINITIONS = (
					"DEBUG=1",
					"$(inherited)",
				);
				GCC_SYMBOLS_PRIVATE_EXTERN = NO;
				GCC_WARN_64_TO_32_BIT_CONVERSION = YES;
				GCC_WARN_ABOUT_RETURN_TYPE = YES_ERROR;
				GCC_WARN_UNDECLARED_SELECTOR = YES;
				GCC_WARN_UNINITIALIZED_AUTOS = YES_AGGRESSIVE;
				GCC_WARN_UNUSED_FUNCTION = YES;
				GCC_WARN_UNUSED_VARIABLE = YES;
				IPHONEOS_DEPLOYMENT_TARGET = 7.1;
				ONLY_ACTIVE_ARCH = YES;
				SDKROOT = iphoneos;
			};
			name = Debug;
		};
		1AFD55AB190F71D3000ECBB1 /* Release */ = {
			isa = XCBuildConfiguration;
			buildSettings = {
				ALWAYS_SEARCH_USER_PATHS = NO;
				CLANG_CXX_LANGUAGE_STANDARD = "gnu++0x";
				CLANG_CXX_LIBRARY = "libc++";
				CLANG_ENABLE_MODULES = YES;
				CLANG_ENABLE_OBJC_ARC = YES;
				CLANG_WARN_BOOL_CONVERSION = YES;
				CLANG_WARN_CONSTANT_CONVERSION = YES;
				CLANG_WARN_DIRECT_OBJC_ISA_USAGE = YES_ERROR;
				CLANG_WARN_EMPTY_BODY = YES;
				CLANG_WARN_ENUM_CONVERSION = YES;
				CLANG_WARN_INT_CONVERSION = YES;
				CLANG_WARN_OBJC_ROOT_CLASS = YES_ERROR;
				CLANG_WARN__DUPLICATE_METHOD_MATCH = YES;
				"CODE_SIGN_IDENTITY[sdk=iphoneos*]" = "iPhone Developer";
				COPY_PHASE_STRIP = YES;
				ENABLE_NS_ASSERTIONS = NO;
				GCC_C_LANGUAGE_STANDARD = gnu99;
				GCC_WARN_64_TO_32_BIT_CONVERSION = YES;
				GCC_WARN_ABOUT_RETURN_TYPE = YES_ERROR;
				GCC_WARN_UNDECLARED_SELECTOR = YES;
				GCC_WARN_UNINITIALIZED_AUTOS = YES_AGGRESSIVE;
				GCC_WARN_UNUSED_FUNCTION = YES;
				GCC_WARN_UNUSED_VARIABLE = YES;
				IPHONEOS_DEPLOYMENT_TARGET = 7.1;
				SDKROOT = iphoneos;
				VALIDATE_PRODUCT = YES;
			};
			name = Release;
		};
		1AFD55AD190F71D3000ECBB1 /* Debug */ = {
			isa = XCBuildConfiguration;
			buildSettings = {
				ASSETCATALOG_COMPILER_APPICON_NAME = AppIcon;
				ASSETCATALOG_COMPILER_LAUNCHIMAGE_NAME = LaunchImage;
				GCC_PRECOMPILE_PREFIX_HEADER = YES;
				GCC_PREFIX_HEADER = "Seg Nav/Seg Nav-Prefix.pch";
				INFOPLIST_FILE = "Seg Nav/Seg Nav-Info.plist";
				PRODUCT_NAME = "$(TARGET_NAME)";
				WRAPPER_EXTENSION = app;
			};
			name = Debug;
		};
		1AFD55AE190F71D3000ECBB1 /* Release */ = {
			isa = XCBuildConfiguration;
			buildSettings = {
				ASSETCATALOG_COMPILER_APPICON_NAME = AppIcon;
				ASSETCATALOG_COMPILER_LAUNCHIMAGE_NAME = LaunchImage;
				GCC_PRECOMPILE_PREFIX_HEADER = YES;
				GCC_PREFIX_HEADER = "Seg Nav/Seg Nav-Prefix.pch";
				INFOPLIST_FILE = "Seg Nav/Seg Nav-Info.plist";
				PRODUCT_NAME = "$(TARGET_NAME)";
				WRAPPER_EXTENSION = app;
			};
			name = Release;
		};
		1AFD55B0190F71D3000ECBB1 /* Debug */ = {
			isa = XCBuildConfiguration;
			buildSettings = {
				BUNDLE_LOADER = "$(BUILT_PRODUCTS_DIR)/Seg Nav.app/Seg Nav";
				FRAMEWORK_SEARCH_PATHS = (
					"$(SDKROOT)/Developer/Library/Frameworks",
					"$(inherited)",
					"$(DEVELOPER_FRAMEWORKS_DIR)",
				);
				GCC_PRECOMPILE_PREFIX_HEADER = YES;
				GCC_PREFIX_HEADER = "Seg Nav/Seg Nav-Prefix.pch";
				GCC_PREPROCESSOR_DEFINITIONS = (
					"DEBUG=1",
					"$(inherited)",
				);
				INFOPLIST_FILE = "Seg NavTests/Seg NavTests-Info.plist";
				PRODUCT_NAME = "$(TARGET_NAME)";
				TEST_HOST = "$(BUNDLE_LOADER)";
				WRAPPER_EXTENSION = xctest;
			};
			name = Debug;
		};
		1AFD55B1190F71D3000ECBB1 /* Release */ = {
			isa = XCBuildConfiguration;
			buildSettings = {
				BUNDLE_LOADER = "$(BUILT_PRODUCTS_DIR)/Seg Nav.app/Seg Nav";
				FRAMEWORK_SEARCH_PATHS = (
					"$(SDKROOT)/Developer/Library/Frameworks",
					"$(inherited)",
					"$(DEVELOPER_FRAMEWORKS_DIR)",
				);
				GCC_PRECOMPILE_PREFIX_HEADER = YES;
				GCC_PREFIX_HEADER = "Seg Nav/Seg Nav-Prefix.pch";
				INFOPLIST_FILE = "Seg NavTests/Seg NavTests-Info.plist";
				PRODUCT_NAME = "$(TARGET_NAME)";
				TEST_HOST = "$(BUNDLE_LOADER)";
				WRAPPER_EXTENSION = xctest;
			};
			name = Release;
		};
/* End XCBuildConfiguration section */

/* Begin XCConfigurationList section */
		1AFD557B190F71D3000ECBB1 /* Build configuration list for PBXProject "Seg Nav" */ = {
			isa = XCConfigurationList;
			buildConfigurations = (
				1AFD55AA190F71D3000ECBB1 /* Debug */,
				1AFD55AB190F71D3000ECBB1 /* Release */,
			);
			defaultConfigurationIsVisible = 0;
			defaultConfigurationName = Release;
		};
		1AFD55AC190F71D3000ECBB1 /* Build configuration list for PBXNativeTarget "Seg Nav" */ = {
			isa = XCConfigurationList;
			buildConfigurations = (
				1AFD55AD190F71D3000ECBB1 /* Debug */,
				1AFD55AE190F71D3000ECBB1 /* Release */,
			);
			defaultConfigurationIsVisible = 0;
		};
		1AFD55AF190F71D3000ECBB1 /* Build configuration list for PBXNativeTarget "Seg NavTests" */ = {
			isa = XCConfigurationList;
			buildConfigurations = (
				1AFD55B0190F71D3000ECBB1 /* Debug */,
				1AFD55B1190F71D3000ECBB1 /* Release */,
			);
			defaultConfigurationIsVisible = 0;
		};
/* End XCConfigurationList section */
	};
	rootObject = 1AFD5578190F71D3000ECBB1 /* Project object */;
}
